
Microsoft Visual Studio Solution File, Format Version 12.00
# Visual Studio Version 17
VisualStudioVersion = 17.0.31903.59
MinimumVisualStudioVersion = 10.0.40219.1
Project("{2150E333-8FDC-42A3-9474-1A3956D46DE8}") = "19-05-2025", "19-05-2025", "{BCFF2035-A03A-3CE1-7EAD-1AF9736A6F18}"
EndProject
Project("{FAE04EC0-301F-11D3-BF4B-00C04F79EFBC}") = "task1", "19-05-2025\task1\task1.csproj", "{30F1AB11-315C-4F39-BFBB-C086C297D997}"
EndProject
Project("{FAE04EC0-301F-11D3-BF4B-00C04F79EFBC}") = "task2", "19-05-2025\task2\task2.csproj", "{3C509983-9CC1-4396-BA06-19FFDC822DF0}"
EndProject
Project("{FAE04EC0-301F-11D3-BF4B-00C04F79EFBC}") = "task3", "19-05-2025\task3\task3.csproj", "{AD25F49D-DC01-43DE-9386-7F3D7915C555}"
EndProject
Project("{FAE04EC0-301F-11D3-BF4B-00C04F79EFBC}") = "task4", "19-05-2025\task4\task4.csproj", "{7E70402E-175F-41C7-BC3F-709C7EC6E907}"
EndProject
Project("{FAE04EC0-301F-11D3-BF4B-00C04F79EFBC}") = "task5", "19-05-2025\task5\task5.csproj", "{9086B9CC-C641-4F26-964C-F798DF18744B}"
EndProject
Project("{FAE04EC0-301F-11D3-BF4B-00C04F79EFBC}") = "task6", "19-05-2025\task6\task6.csproj", "{DA825B01-DDE5-425E-BAFF-A95629FB0929}"
EndProject
Project("{FAE04EC0-301F-11D3-BF4B-00C04F79EFBC}") = "task7", "19-05-2025\task7\task7.csproj", "{B295F2A4-1113-49C4-8B1C-37D3E74899D2}"
EndProject
Project("{FAE04EC0-301F-11D3-BF4B-00C04F79EFBC}") = "task8", "19-05-2025\task8\task8.csproj", "{D05F610E-E1DE-4914-8959-458C10F3DE57}"
EndProject
Project("{FAE04EC0-301F-11D3-BF4B-00C04F79EFBC}") = "task9", "19-05-2025\task9\task9.csproj", "{2391B1D7-A6C4-43D2-A1BD-D1F5CD5BEAC6}"
EndProject
Project("{FAE04EC0-301F-11D3-BF4B-00C04F79EFBC}") = "task10", "19-05-2025\task10\task10.csproj", "{2072E578-6552-43EE-A130-FA0128C7974A}"
EndProject
Project("{FAE04EC0-301F-11D3-BF4B-00C04F79EFBC}") = "task11", "19-05-2025\task11\task11.csproj", "{153E99D0-4FD1-4AFD-A0F5-75CEDE676E77}"
EndProject
Project("{FAE04EC0-301F-11D3-BF4B-00C04F79EFBC}") = "task12", "19-05-2025\task12\task12.csproj", "{508ABC21-4D4D-4A9B-887C-C2D3C53FC7FC}"
EndProject
Project("{2150E333-8FDC-42A3-9474-1A3956D46DE8}") = "20-05-2025", "20-05-2025", "{5C51F8F0-F98E-F290-8870-636177B51AA0}"
EndProject
Project("{FAE04EC0-301F-11D3-BF4B-00C04F79EFBC}") = "task1", "20-05-2025\task1\task1.csproj", "{AFF268C9-9D0D-4E7F-A0EB-5C061BD4136D}"
EndProject
Project("{FAE04EC0-301F-11D3-BF4B-00C04F79EFBC}") = "Employee", "20-05-2025\Employee\Employee.csproj", "{5BBC1CCF-0B9D-4690-B8CF-63EFF13BC472}"
EndProject
Project("{2150E333-8FDC-42A3-9474-1A3956D46DE8}") = "21-05-2025", "21-05-2025", "{6D45FBD7-C3DD-9C97-3493-E0738774BBD9}"
EndProject
Project("{FAE04EC0-301F-11D3-BF4B-00C04F79EFBC}") = "WholeApplication", "21-05-2025\WholeApplication\WholeApplication.csproj", "{3D312810-4733-485C-852E-3C4D46A34AA1}"
EndProject
Project("{FAE04EC0-301F-11D3-BF4B-00C04F79EFBC}") = "DoctorAppointment", "21-05-2025\DoctorAppointment\DoctorAppointment.csproj", "{D0F3EC48-6BAA-4D16-974C-509177EA306B}"
EndProject
Project("{2150E333-8FDC-42A3-9474-1A3956D46DE8}") = "22-05-2025", "22-05-2025", "{515034DE-E4E5-3117-3EEA-BF4C3E33469C}"
EndProject
Project("{FAE04EC0-301F-11D3-BF4B-00C04F79EFBC}") = "Delegates", "22-05-2025\Delegates\Delegates.csproj", "{53689B68-E26D-4B16-AEBF-7C40BB28D31C}"
EndProject
Project("{FAE04EC0-301F-11D3-BF4B-00C04F79EFBC}") = "SOLID", "22-05-2025\SOLID\SOLID.csproj", "{108D50EE-8A5B-4465-AAEB-9E05D0995174}"
EndProject
Project("{2150E333-8FDC-42A3-9474-1A3956D46DE8}") = "23-05-2025", "23-05-2025", "{52B82C73-ECAF-8FA0-DCC5-712EAB3F3542}"
EndProject
Project("{FAE04EC0-301F-11D3-BF4B-00C04F79EFBC}") = "Singleton", "23-05-2025\Singleton\Singleton.csproj", "{61E1E481-C16C-46EF-BC36-FE63CD7D398D}"
EndProject
Project("{FAE04EC0-301F-11D3-BF4B-00C04F79EFBC}") = "Factory", "23-05-2025\Factory\Factory.csproj", "{BFF2FCD4-64A8-4815-A261-5416FBA81276}"
EndProject
Project("{FAE04EC0-301F-11D3-BF4B-00C04F79EFBC}") = "AbstractFactory", "23-05-2025\AbstractFactory\AbstractFactory.csproj", "{69BE8A10-1539-4D26-A48D-5A639D737AF3}"
EndProject
Project("{FAE04EC0-301F-11D3-BF4B-00C04F79EFBC}") = "Proxy", "23-05-2025\Proxy\Proxy.csproj", "{C243A7FD-16B7-4237-BDA8-053F3FF79C26}"
EndProject
Project("{2150E333-8FDC-42A3-9474-1A3956D46DE8}") = "26-05-2025", "26-05-2025", "{381B7CCE-8134-F83E-DDFD-DEA367170778}"
EndProject
Project("{FAE04EC0-301F-11D3-BF4B-00C04F79EFBC}") = "FirstApi", "26-05-2025\FirstApi\FirstApi.csproj", "{47D70F4F-D40E-43B6-B449-62231EBD4935}"
EndProject
Project("{2150E333-8FDC-42A3-9474-1A3956D46DE8}") = "27-05-2025", "27-05-2025", "{0D6C39BC-EBAA-2852-8B73-5A1601834727}"
EndProject
Project("{FAE04EC0-301F-11D3-BF4B-00C04F79EFBC}") = "ClinicManagement", "27-05-2025\ClinicManagement\ClinicManagement.csproj", "{AECDC6AA-6575-4A2C-AC05-FE1AAEC0CB6E}"
EndProject
Project("{FAE04EC0-301F-11D3-BF4B-00C04F79EFBC}") = "Twitter-Clone", "27-05-2025\Twitter-Clone\Twitter-Clone.csproj", "{68DCDD7A-6699-4ADD-85CF-49347E78E2E0}"
EndProject
Project("{2150E333-8FDC-42A3-9474-1A3956D46DE8}") = "28-05-2025", "28-05-2025", "{BF809C25-BA9C-FD53-E2E3-2ABD28042CF4}"
EndProject
Project("{FAE04EC0-301F-11D3-BF4B-00C04F79EFBC}") = "ClinicManagement", "28-05-2025\ClinicManagement\ClinicManagement.csproj", "{7D17112D-5BBF-47FA-91A0-BDF0BFB9CF39}"
EndProject
Project("{2150E333-8FDC-42A3-9474-1A3956D46DE8}") = "29-05-2025", "29-05-2025", "{D877F00B-5746-D7F0-6096-4751C0B934DF}"
EndProject
Project("{FAE04EC0-301F-11D3-BF4B-00C04F79EFBC}") = "ClinicManagement", "29-05-2025\ClinicManagement\ClinicManagement.csproj", "{726132ED-9131-46FB-ABF5-E8A48CC4E98D}"
EndProject
Project("{FAE04EC0-301F-11D3-BF4B-00C04F79EFBC}") = "BankingApplication", "29-05-2025\BankingApplication\BankingApplication.csproj", "{8CC87F69-A87B-4519-9E9E-8AAB965B3C73}"
EndProject
Project("{2150E333-8FDC-42A3-9474-1A3956D46DE8}") = "30-05-2025", "30-05-2025", "{EECA5FA4-2586-E18B-CE96-C5D4FD1C9095}"
EndProject
Project("{FAE04EC0-301F-11D3-BF4B-00C04F79EFBC}") = "BankingApplication", "30-05-2025\BankingApplication\BankingApplication.csproj", "{88310647-B33F-48DE-AB58-ABCB1922D9C5}"
EndProject
Project("{2150E333-8FDC-42A3-9474-1A3956D46DE8}") = "02-06-2025", "02-06-2025", "{A4E833F2-A4CE-8A69-F8E4-30AF6F6543C1}"
EndProject
Project("{FAE04EC0-301F-11D3-BF4B-00C04F79EFBC}") = "ClinicManagement", "02-06-2025\ClinicManagement\ClinicManagement.csproj", "{04E04192-8AAF-4778-8896-6D335A63DED7}"
EndProject
Project("{2150E333-8FDC-42A3-9474-1A3956D46DE8}") = "03-06-2025", "03-06-2025", "{6E7B968A-148F-7001-FE2F-AE9A6F49CDBB}"
EndProject
Project("{FAE04EC0-301F-11D3-BF4B-00C04F79EFBC}") = "ClinicManagement", "03-05-2025\ClinicManagement\ClinicManagement.csproj", "{B2AC3FBE-602E-4FFD-9B19-7E64ED0DE5E3}"
EndProject
Project("{FAE04EC0-301F-11D3-BF4B-00C04F79EFBC}") = "ClinicTest", "03-05-2025\ClinicTest\ClinicTest.csproj", "{DECC72B6-D80E-4F6B-995F-C3EE136EF99F}"
EndProject
Project("{2150E333-8FDC-42A3-9474-1A3956D46DE8}") = "04-06-2025", "04-06-2025", "{DC38C501-815B-F0BE-CCAF-5D3260E1765F}"
EndProject
Project("{FAE04EC0-301F-11D3-BF4B-00C04F79EFBC}") = "ClinicTest", "04-06-2025\ClinicTest\ClinicTest.csproj", "{54A4CDE8-A948-4C29-A30C-3E67EF0C9A74}"
EndProject
Project("{FAE04EC0-301F-11D3-BF4B-00C04F79EFBC}") = "ClinicManagement", "04-06-2025\ClinicManagement\ClinicManagement.csproj", "{D1C13492-E2DA-4C01-A3E0-C6857E859464}"
EndProject
Project("{2150E333-8FDC-42A3-9474-1A3956D46DE8}") = "05-06-2025", "05-06-2025", "{B8540827-F697-057E-B68A-010ABF706CB4}"
EndProject
Project("{FAE04EC0-301F-11D3-BF4B-00C04F79EFBC}") = "FileHandling", "05-06-2025\FileHandling\FileHandling.csproj", "{4B6BED26-D8A8-4D0B-8CD8-8B953E4D5958}"
EndProject
Project("{FAE04EC0-301F-11D3-BF4B-00C04F79EFBC}") = "ClinicManagement", "05-06-2025\ClinicManagement\ClinicManagement.csproj", "{0F2EAC1D-C191-4F39-BCD7-118AD99F4554}"
EndProject
Project("{FAE04EC0-301F-11D3-BF4B-00C04F79EFBC}") = "Notify", "05-06-2025\Notify\Notify.csproj", "{F21119A1-6FC9-42BB-9B60-67A4AE7B577A}"
EndProject
Project("{2150E333-8FDC-42A3-9474-1A3956D46DE8}") = "06-06-2025(Capstone)", "06-06-2025(Capstone)", "{6060DF55-80BA-7EEC-B05F-ED5EFF52A3D3}"
EndProject
Project("{FAE04EC0-301F-11D3-BF4B-00C04F79EFBC}") = "CustomerSupport", "06-06-2025(Capstone)\CustomerSupport\CustomerSupport.csproj", "{288FE3E2-B584-4161-96F9-E3FD6DDCF941}"
EndProject
Project("{FAE04EC0-301F-11D3-BF4B-00C04F79EFBC}") = "CustomerSupport.Test", "06-06-2025(Capstone)\CustomerSupport.Test\CustomerSupport.Test.csproj", "{92500B25-5CEC-41A4-9623-2B2701BEFF76}"
EndProject
Project("{2150E333-8FDC-42A3-9474-1A3956D46DE8}") = "11-07-2025", "11-07-2025", "{11076860-4FAB-4323-2ACF-FBD150595217}"
EndProject
Project("{FAE04EC0-301F-11D3-BF4B-00C04F79EFBC}") = "FileHandling", "11-07-2025\FileHandling\FileHandling.csproj", "{0231DBB0-F157-4783-AAFA-5D1A2803D10E}"
EndProject
Global
	GlobalSection(SolutionConfigurationPlatforms) = preSolution
		Debug|Any CPU = Debug|Any CPU
		Debug|x64 = Debug|x64
		Debug|x86 = Debug|x86
		Release|Any CPU = Release|Any CPU
		Release|x64 = Release|x64
		Release|x86 = Release|x86
	EndGlobalSection
	GlobalSection(ProjectConfigurationPlatforms) = postSolution
		{30F1AB11-315C-4F39-BFBB-C086C297D997}.Debug|Any CPU.ActiveCfg = Debug|Any CPU
		{30F1AB11-315C-4F39-BFBB-C086C297D997}.Debug|Any CPU.Build.0 = Debug|Any CPU
		{30F1AB11-315C-4F39-BFBB-C086C297D997}.Debug|x64.ActiveCfg = Debug|Any CPU
		{30F1AB11-315C-4F39-BFBB-C086C297D997}.Debug|x64.Build.0 = Debug|Any CPU
		{30F1AB11-315C-4F39-BFBB-C086C297D997}.Debug|x86.ActiveCfg = Debug|Any CPU
		{30F1AB11-315C-4F39-BFBB-C086C297D997}.Debug|x86.Build.0 = Debug|Any CPU
		{30F1AB11-315C-4F39-BFBB-C086C297D997}.Release|Any CPU.ActiveCfg = Release|Any CPU
		{30F1AB11-315C-4F39-BFBB-C086C297D997}.Release|Any CPU.Build.0 = Release|Any CPU
		{30F1AB11-315C-4F39-BFBB-C086C297D997}.Release|x64.ActiveCfg = Release|Any CPU
		{30F1AB11-315C-4F39-BFBB-C086C297D997}.Release|x64.Build.0 = Release|Any CPU
		{30F1AB11-315C-4F39-BFBB-C086C297D997}.Release|x86.ActiveCfg = Release|Any CPU
		{30F1AB11-315C-4F39-BFBB-C086C297D997}.Release|x86.Build.0 = Release|Any CPU
		{3C509983-9CC1-4396-BA06-19FFDC822DF0}.Debug|Any CPU.ActiveCfg = Debug|Any CPU
		{3C509983-9CC1-4396-BA06-19FFDC822DF0}.Debug|Any CPU.Build.0 = Debug|Any CPU
		{3C509983-9CC1-4396-BA06-19FFDC822DF0}.Debug|x64.ActiveCfg = Debug|Any CPU
		{3C509983-9CC1-4396-BA06-19FFDC822DF0}.Debug|x64.Build.0 = Debug|Any CPU
		{3C509983-9CC1-4396-BA06-19FFDC822DF0}.Debug|x86.ActiveCfg = Debug|Any CPU
		{3C509983-9CC1-4396-BA06-19FFDC822DF0}.Debug|x86.Build.0 = Debug|Any CPU
		{3C509983-9CC1-4396-BA06-19FFDC822DF0}.Release|Any CPU.ActiveCfg = Release|Any CPU
		{3C509983-9CC1-4396-BA06-19FFDC822DF0}.Release|Any CPU.Build.0 = Release|Any CPU
		{3C509983-9CC1-4396-BA06-19FFDC822DF0}.Release|x64.ActiveCfg = Release|Any CPU
		{3C509983-9CC1-4396-BA06-19FFDC822DF0}.Release|x64.Build.0 = Release|Any CPU
		{3C509983-9CC1-4396-BA06-19FFDC822DF0}.Release|x86.ActiveCfg = Release|Any CPU
		{3C509983-9CC1-4396-BA06-19FFDC822DF0}.Release|x86.Build.0 = Release|Any CPU
		{AD25F49D-DC01-43DE-9386-7F3D7915C555}.Debug|Any CPU.ActiveCfg = Debug|Any CPU
		{AD25F49D-DC01-43DE-9386-7F3D7915C555}.Debug|Any CPU.Build.0 = Debug|Any CPU
		{AD25F49D-DC01-43DE-9386-7F3D7915C555}.Debug|x64.ActiveCfg = Debug|Any CPU
		{AD25F49D-DC01-43DE-9386-7F3D7915C555}.Debug|x64.Build.0 = Debug|Any CPU
		{AD25F49D-DC01-43DE-9386-7F3D7915C555}.Debug|x86.ActiveCfg = Debug|Any CPU
		{AD25F49D-DC01-43DE-9386-7F3D7915C555}.Debug|x86.Build.0 = Debug|Any CPU
		{AD25F49D-DC01-43DE-9386-7F3D7915C555}.Release|Any CPU.ActiveCfg = Release|Any CPU
		{AD25F49D-DC01-43DE-9386-7F3D7915C555}.Release|Any CPU.Build.0 = Release|Any CPU
		{AD25F49D-DC01-43DE-9386-7F3D7915C555}.Release|x64.ActiveCfg = Release|Any CPU
		{AD25F49D-DC01-43DE-9386-7F3D7915C555}.Release|x64.Build.0 = Release|Any CPU
		{AD25F49D-DC01-43DE-9386-7F3D7915C555}.Release|x86.ActiveCfg = Release|Any CPU
		{AD25F49D-DC01-43DE-9386-7F3D7915C555}.Release|x86.Build.0 = Release|Any CPU
		{7E70402E-175F-41C7-BC3F-709C7EC6E907}.Debug|Any CPU.ActiveCfg = Debug|Any CPU
		{7E70402E-175F-41C7-BC3F-709C7EC6E907}.Debug|Any CPU.Build.0 = Debug|Any CPU
		{7E70402E-175F-41C7-BC3F-709C7EC6E907}.Debug|x64.ActiveCfg = Debug|Any CPU
		{7E70402E-175F-41C7-BC3F-709C7EC6E907}.Debug|x64.Build.0 = Debug|Any CPU
		{7E70402E-175F-41C7-BC3F-709C7EC6E907}.Debug|x86.ActiveCfg = Debug|Any CPU
		{7E70402E-175F-41C7-BC3F-709C7EC6E907}.Debug|x86.Build.0 = Debug|Any CPU
		{7E70402E-175F-41C7-BC3F-709C7EC6E907}.Release|Any CPU.ActiveCfg = Release|Any CPU
		{7E70402E-175F-41C7-BC3F-709C7EC6E907}.Release|Any CPU.Build.0 = Release|Any CPU
		{7E70402E-175F-41C7-BC3F-709C7EC6E907}.Release|x64.ActiveCfg = Release|Any CPU
		{7E70402E-175F-41C7-BC3F-709C7EC6E907}.Release|x64.Build.0 = Release|Any CPU
		{7E70402E-175F-41C7-BC3F-709C7EC6E907}.Release|x86.ActiveCfg = Release|Any CPU
		{7E70402E-175F-41C7-BC3F-709C7EC6E907}.Release|x86.Build.0 = Release|Any CPU
		{9086B9CC-C641-4F26-964C-F798DF18744B}.Debug|Any CPU.ActiveCfg = Debug|Any CPU
		{9086B9CC-C641-4F26-964C-F798DF18744B}.Debug|Any CPU.Build.0 = Debug|Any CPU
		{9086B9CC-C641-4F26-964C-F798DF18744B}.Debug|x64.ActiveCfg = Debug|Any CPU
		{9086B9CC-C641-4F26-964C-F798DF18744B}.Debug|x64.Build.0 = Debug|Any CPU
		{9086B9CC-C641-4F26-964C-F798DF18744B}.Debug|x86.ActiveCfg = Debug|Any CPU
		{9086B9CC-C641-4F26-964C-F798DF18744B}.Debug|x86.Build.0 = Debug|Any CPU
		{9086B9CC-C641-4F26-964C-F798DF18744B}.Release|Any CPU.ActiveCfg = Release|Any CPU
		{9086B9CC-C641-4F26-964C-F798DF18744B}.Release|Any CPU.Build.0 = Release|Any CPU
		{9086B9CC-C641-4F26-964C-F798DF18744B}.Release|x64.ActiveCfg = Release|Any CPU
		{9086B9CC-C641-4F26-964C-F798DF18744B}.Release|x64.Build.0 = Release|Any CPU
		{9086B9CC-C641-4F26-964C-F798DF18744B}.Release|x86.ActiveCfg = Release|Any CPU
		{9086B9CC-C641-4F26-964C-F798DF18744B}.Release|x86.Build.0 = Release|Any CPU
		{DA825B01-DDE5-425E-BAFF-A95629FB0929}.Debug|Any CPU.ActiveCfg = Debug|Any CPU
		{DA825B01-DDE5-425E-BAFF-A95629FB0929}.Debug|Any CPU.Build.0 = Debug|Any CPU
		{DA825B01-DDE5-425E-BAFF-A95629FB0929}.Debug|x64.ActiveCfg = Debug|Any CPU
		{DA825B01-DDE5-425E-BAFF-A95629FB0929}.Debug|x64.Build.0 = Debug|Any CPU
		{DA825B01-DDE5-425E-BAFF-A95629FB0929}.Debug|x86.ActiveCfg = Debug|Any CPU
		{DA825B01-DDE5-425E-BAFF-A95629FB0929}.Debug|x86.Build.0 = Debug|Any CPU
		{DA825B01-DDE5-425E-BAFF-A95629FB0929}.Release|Any CPU.ActiveCfg = Release|Any CPU
		{DA825B01-DDE5-425E-BAFF-A95629FB0929}.Release|Any CPU.Build.0 = Release|Any CPU
		{DA825B01-DDE5-425E-BAFF-A95629FB0929}.Release|x64.ActiveCfg = Release|Any CPU
		{DA825B01-DDE5-425E-BAFF-A95629FB0929}.Release|x64.Build.0 = Release|Any CPU
		{DA825B01-DDE5-425E-BAFF-A95629FB0929}.Release|x86.ActiveCfg = Release|Any CPU
		{DA825B01-DDE5-425E-BAFF-A95629FB0929}.Release|x86.Build.0 = Release|Any CPU
		{B295F2A4-1113-49C4-8B1C-37D3E74899D2}.Debug|Any CPU.ActiveCfg = Debug|Any CPU
		{B295F2A4-1113-49C4-8B1C-37D3E74899D2}.Debug|Any CPU.Build.0 = Debug|Any CPU
		{B295F2A4-1113-49C4-8B1C-37D3E74899D2}.Debug|x64.ActiveCfg = Debug|Any CPU
		{B295F2A4-1113-49C4-8B1C-37D3E74899D2}.Debug|x64.Build.0 = Debug|Any CPU
		{B295F2A4-1113-49C4-8B1C-37D3E74899D2}.Debug|x86.ActiveCfg = Debug|Any CPU
		{B295F2A4-1113-49C4-8B1C-37D3E74899D2}.Debug|x86.Build.0 = Debug|Any CPU
		{B295F2A4-1113-49C4-8B1C-37D3E74899D2}.Release|Any CPU.ActiveCfg = Release|Any CPU
		{B295F2A4-1113-49C4-8B1C-37D3E74899D2}.Release|Any CPU.Build.0 = Release|Any CPU
		{B295F2A4-1113-49C4-8B1C-37D3E74899D2}.Release|x64.ActiveCfg = Release|Any CPU
		{B295F2A4-1113-49C4-8B1C-37D3E74899D2}.Release|x64.Build.0 = Release|Any CPU
		{B295F2A4-1113-49C4-8B1C-37D3E74899D2}.Release|x86.ActiveCfg = Release|Any CPU
		{B295F2A4-1113-49C4-8B1C-37D3E74899D2}.Release|x86.Build.0 = Release|Any CPU
		{D05F610E-E1DE-4914-8959-458C10F3DE57}.Debug|Any CPU.ActiveCfg = Debug|Any CPU
		{D05F610E-E1DE-4914-8959-458C10F3DE57}.Debug|Any CPU.Build.0 = Debug|Any CPU
		{D05F610E-E1DE-4914-8959-458C10F3DE57}.Debug|x64.ActiveCfg = Debug|Any CPU
		{D05F610E-E1DE-4914-8959-458C10F3DE57}.Debug|x64.Build.0 = Debug|Any CPU
		{D05F610E-E1DE-4914-8959-458C10F3DE57}.Debug|x86.ActiveCfg = Debug|Any CPU
		{D05F610E-E1DE-4914-8959-458C10F3DE57}.Debug|x86.Build.0 = Debug|Any CPU
		{D05F610E-E1DE-4914-8959-458C10F3DE57}.Release|Any CPU.ActiveCfg = Release|Any CPU
		{D05F610E-E1DE-4914-8959-458C10F3DE57}.Release|Any CPU.Build.0 = Release|Any CPU
		{D05F610E-E1DE-4914-8959-458C10F3DE57}.Release|x64.ActiveCfg = Release|Any CPU
		{D05F610E-E1DE-4914-8959-458C10F3DE57}.Release|x64.Build.0 = Release|Any CPU
		{D05F610E-E1DE-4914-8959-458C10F3DE57}.Release|x86.ActiveCfg = Release|Any CPU
		{D05F610E-E1DE-4914-8959-458C10F3DE57}.Release|x86.Build.0 = Release|Any CPU
		{2391B1D7-A6C4-43D2-A1BD-D1F5CD5BEAC6}.Debug|Any CPU.ActiveCfg = Debug|Any CPU
		{2391B1D7-A6C4-43D2-A1BD-D1F5CD5BEAC6}.Debug|Any CPU.Build.0 = Debug|Any CPU
		{2391B1D7-A6C4-43D2-A1BD-D1F5CD5BEAC6}.Debug|x64.ActiveCfg = Debug|Any CPU
		{2391B1D7-A6C4-43D2-A1BD-D1F5CD5BEAC6}.Debug|x64.Build.0 = Debug|Any CPU
		{2391B1D7-A6C4-43D2-A1BD-D1F5CD5BEAC6}.Debug|x86.ActiveCfg = Debug|Any CPU
		{2391B1D7-A6C4-43D2-A1BD-D1F5CD5BEAC6}.Debug|x86.Build.0 = Debug|Any CPU
		{2391B1D7-A6C4-43D2-A1BD-D1F5CD5BEAC6}.Release|Any CPU.ActiveCfg = Release|Any CPU
		{2391B1D7-A6C4-43D2-A1BD-D1F5CD5BEAC6}.Release|Any CPU.Build.0 = Release|Any CPU
		{2391B1D7-A6C4-43D2-A1BD-D1F5CD5BEAC6}.Release|x64.ActiveCfg = Release|Any CPU
		{2391B1D7-A6C4-43D2-A1BD-D1F5CD5BEAC6}.Release|x64.Build.0 = Release|Any CPU
		{2391B1D7-A6C4-43D2-A1BD-D1F5CD5BEAC6}.Release|x86.ActiveCfg = Release|Any CPU
		{2391B1D7-A6C4-43D2-A1BD-D1F5CD5BEAC6}.Release|x86.Build.0 = Release|Any CPU
		{2072E578-6552-43EE-A130-FA0128C7974A}.Debug|Any CPU.ActiveCfg = Debug|Any CPU
		{2072E578-6552-43EE-A130-FA0128C7974A}.Debug|Any CPU.Build.0 = Debug|Any CPU
		{2072E578-6552-43EE-A130-FA0128C7974A}.Debug|x64.ActiveCfg = Debug|Any CPU
		{2072E578-6552-43EE-A130-FA0128C7974A}.Debug|x64.Build.0 = Debug|Any CPU
		{2072E578-6552-43EE-A130-FA0128C7974A}.Debug|x86.ActiveCfg = Debug|Any CPU
		{2072E578-6552-43EE-A130-FA0128C7974A}.Debug|x86.Build.0 = Debug|Any CPU
		{2072E578-6552-43EE-A130-FA0128C7974A}.Release|Any CPU.ActiveCfg = Release|Any CPU
		{2072E578-6552-43EE-A130-FA0128C7974A}.Release|Any CPU.Build.0 = Release|Any CPU
		{2072E578-6552-43EE-A130-FA0128C7974A}.Release|x64.ActiveCfg = Release|Any CPU
		{2072E578-6552-43EE-A130-FA0128C7974A}.Release|x64.Build.0 = Release|Any CPU
		{2072E578-6552-43EE-A130-FA0128C7974A}.Release|x86.ActiveCfg = Release|Any CPU
		{2072E578-6552-43EE-A130-FA0128C7974A}.Release|x86.Build.0 = Release|Any CPU
		{153E99D0-4FD1-4AFD-A0F5-75CEDE676E77}.Debug|Any CPU.ActiveCfg = Debug|Any CPU
		{153E99D0-4FD1-4AFD-A0F5-75CEDE676E77}.Debug|Any CPU.Build.0 = Debug|Any CPU
		{153E99D0-4FD1-4AFD-A0F5-75CEDE676E77}.Debug|x64.ActiveCfg = Debug|Any CPU
		{153E99D0-4FD1-4AFD-A0F5-75CEDE676E77}.Debug|x64.Build.0 = Debug|Any CPU
		{153E99D0-4FD1-4AFD-A0F5-75CEDE676E77}.Debug|x86.ActiveCfg = Debug|Any CPU
		{153E99D0-4FD1-4AFD-A0F5-75CEDE676E77}.Debug|x86.Build.0 = Debug|Any CPU
		{153E99D0-4FD1-4AFD-A0F5-75CEDE676E77}.Release|Any CPU.ActiveCfg = Release|Any CPU
		{153E99D0-4FD1-4AFD-A0F5-75CEDE676E77}.Release|Any CPU.Build.0 = Release|Any CPU
		{153E99D0-4FD1-4AFD-A0F5-75CEDE676E77}.Release|x64.ActiveCfg = Release|Any CPU
		{153E99D0-4FD1-4AFD-A0F5-75CEDE676E77}.Release|x64.Build.0 = Release|Any CPU
		{153E99D0-4FD1-4AFD-A0F5-75CEDE676E77}.Release|x86.ActiveCfg = Release|Any CPU
		{153E99D0-4FD1-4AFD-A0F5-75CEDE676E77}.Release|x86.Build.0 = Release|Any CPU
		{508ABC21-4D4D-4A9B-887C-C2D3C53FC7FC}.Debug|Any CPU.ActiveCfg = Debug|Any CPU
		{508ABC21-4D4D-4A9B-887C-C2D3C53FC7FC}.Debug|Any CPU.Build.0 = Debug|Any CPU
		{508ABC21-4D4D-4A9B-887C-C2D3C53FC7FC}.Debug|x64.ActiveCfg = Debug|Any CPU
		{508ABC21-4D4D-4A9B-887C-C2D3C53FC7FC}.Debug|x64.Build.0 = Debug|Any CPU
		{508ABC21-4D4D-4A9B-887C-C2D3C53FC7FC}.Debug|x86.ActiveCfg = Debug|Any CPU
		{508ABC21-4D4D-4A9B-887C-C2D3C53FC7FC}.Debug|x86.Build.0 = Debug|Any CPU
		{508ABC21-4D4D-4A9B-887C-C2D3C53FC7FC}.Release|Any CPU.ActiveCfg = Release|Any CPU
		{508ABC21-4D4D-4A9B-887C-C2D3C53FC7FC}.Release|Any CPU.Build.0 = Release|Any CPU
		{508ABC21-4D4D-4A9B-887C-C2D3C53FC7FC}.Release|x64.ActiveCfg = Release|Any CPU
		{508ABC21-4D4D-4A9B-887C-C2D3C53FC7FC}.Release|x64.Build.0 = Release|Any CPU
		{508ABC21-4D4D-4A9B-887C-C2D3C53FC7FC}.Release|x86.ActiveCfg = Release|Any CPU
		{508ABC21-4D4D-4A9B-887C-C2D3C53FC7FC}.Release|x86.Build.0 = Release|Any CPU
		{AFF268C9-9D0D-4E7F-A0EB-5C061BD4136D}.Debug|Any CPU.ActiveCfg = Debug|Any CPU
		{AFF268C9-9D0D-4E7F-A0EB-5C061BD4136D}.Debug|Any CPU.Build.0 = Debug|Any CPU
		{AFF268C9-9D0D-4E7F-A0EB-5C061BD4136D}.Debug|x64.ActiveCfg = Debug|Any CPU
		{AFF268C9-9D0D-4E7F-A0EB-5C061BD4136D}.Debug|x64.Build.0 = Debug|Any CPU
		{AFF268C9-9D0D-4E7F-A0EB-5C061BD4136D}.Debug|x86.ActiveCfg = Debug|Any CPU
		{AFF268C9-9D0D-4E7F-A0EB-5C061BD4136D}.Debug|x86.Build.0 = Debug|Any CPU
		{AFF268C9-9D0D-4E7F-A0EB-5C061BD4136D}.Release|Any CPU.ActiveCfg = Release|Any CPU
		{AFF268C9-9D0D-4E7F-A0EB-5C061BD4136D}.Release|Any CPU.Build.0 = Release|Any CPU
		{AFF268C9-9D0D-4E7F-A0EB-5C061BD4136D}.Release|x64.ActiveCfg = Release|Any CPU
		{AFF268C9-9D0D-4E7F-A0EB-5C061BD4136D}.Release|x64.Build.0 = Release|Any CPU
		{AFF268C9-9D0D-4E7F-A0EB-5C061BD4136D}.Release|x86.ActiveCfg = Release|Any CPU
		{AFF268C9-9D0D-4E7F-A0EB-5C061BD4136D}.Release|x86.Build.0 = Release|Any CPU
		{5BBC1CCF-0B9D-4690-B8CF-63EFF13BC472}.Debug|Any CPU.ActiveCfg = Debug|Any CPU
		{5BBC1CCF-0B9D-4690-B8CF-63EFF13BC472}.Debug|Any CPU.Build.0 = Debug|Any CPU
		{5BBC1CCF-0B9D-4690-B8CF-63EFF13BC472}.Debug|x64.ActiveCfg = Debug|Any CPU
		{5BBC1CCF-0B9D-4690-B8CF-63EFF13BC472}.Debug|x64.Build.0 = Debug|Any CPU
		{5BBC1CCF-0B9D-4690-B8CF-63EFF13BC472}.Debug|x86.ActiveCfg = Debug|Any CPU
		{5BBC1CCF-0B9D-4690-B8CF-63EFF13BC472}.Debug|x86.Build.0 = Debug|Any CPU
		{5BBC1CCF-0B9D-4690-B8CF-63EFF13BC472}.Release|Any CPU.ActiveCfg = Release|Any CPU
		{5BBC1CCF-0B9D-4690-B8CF-63EFF13BC472}.Release|Any CPU.Build.0 = Release|Any CPU
		{5BBC1CCF-0B9D-4690-B8CF-63EFF13BC472}.Release|x64.ActiveCfg = Release|Any CPU
		{5BBC1CCF-0B9D-4690-B8CF-63EFF13BC472}.Release|x64.Build.0 = Release|Any CPU
		{5BBC1CCF-0B9D-4690-B8CF-63EFF13BC472}.Release|x86.ActiveCfg = Release|Any CPU
		{5BBC1CCF-0B9D-4690-B8CF-63EFF13BC472}.Release|x86.Build.0 = Release|Any CPU
		{3D312810-4733-485C-852E-3C4D46A34AA1}.Debug|Any CPU.ActiveCfg = Debug|Any CPU
		{3D312810-4733-485C-852E-3C4D46A34AA1}.Debug|Any CPU.Build.0 = Debug|Any CPU
		{3D312810-4733-485C-852E-3C4D46A34AA1}.Debug|x64.ActiveCfg = Debug|Any CPU
		{3D312810-4733-485C-852E-3C4D46A34AA1}.Debug|x64.Build.0 = Debug|Any CPU
		{3D312810-4733-485C-852E-3C4D46A34AA1}.Debug|x86.ActiveCfg = Debug|Any CPU
		{3D312810-4733-485C-852E-3C4D46A34AA1}.Debug|x86.Build.0 = Debug|Any CPU
		{3D312810-4733-485C-852E-3C4D46A34AA1}.Release|Any CPU.ActiveCfg = Release|Any CPU
		{3D312810-4733-485C-852E-3C4D46A34AA1}.Release|Any CPU.Build.0 = Release|Any CPU
		{3D312810-4733-485C-852E-3C4D46A34AA1}.Release|x64.ActiveCfg = Release|Any CPU
		{3D312810-4733-485C-852E-3C4D46A34AA1}.Release|x64.Build.0 = Release|Any CPU
		{3D312810-4733-485C-852E-3C4D46A34AA1}.Release|x86.ActiveCfg = Release|Any CPU
		{3D312810-4733-485C-852E-3C4D46A34AA1}.Release|x86.Build.0 = Release|Any CPU
		{D0F3EC48-6BAA-4D16-974C-509177EA306B}.Debug|Any CPU.ActiveCfg = Debug|Any CPU
		{D0F3EC48-6BAA-4D16-974C-509177EA306B}.Debug|Any CPU.Build.0 = Debug|Any CPU
		{D0F3EC48-6BAA-4D16-974C-509177EA306B}.Debug|x64.ActiveCfg = Debug|Any CPU
		{D0F3EC48-6BAA-4D16-974C-509177EA306B}.Debug|x64.Build.0 = Debug|Any CPU
		{D0F3EC48-6BAA-4D16-974C-509177EA306B}.Debug|x86.ActiveCfg = Debug|Any CPU
		{D0F3EC48-6BAA-4D16-974C-509177EA306B}.Debug|x86.Build.0 = Debug|Any CPU
		{D0F3EC48-6BAA-4D16-974C-509177EA306B}.Release|Any CPU.ActiveCfg = Release|Any CPU
		{D0F3EC48-6BAA-4D16-974C-509177EA306B}.Release|Any CPU.Build.0 = Release|Any CPU
		{D0F3EC48-6BAA-4D16-974C-509177EA306B}.Release|x64.ActiveCfg = Release|Any CPU
		{D0F3EC48-6BAA-4D16-974C-509177EA306B}.Release|x64.Build.0 = Release|Any CPU
		{D0F3EC48-6BAA-4D16-974C-509177EA306B}.Release|x86.ActiveCfg = Release|Any CPU
		{D0F3EC48-6BAA-4D16-974C-509177EA306B}.Release|x86.Build.0 = Release|Any CPU
		{53689B68-E26D-4B16-AEBF-7C40BB28D31C}.Debug|Any CPU.ActiveCfg = Debug|Any CPU
		{53689B68-E26D-4B16-AEBF-7C40BB28D31C}.Debug|Any CPU.Build.0 = Debug|Any CPU
		{53689B68-E26D-4B16-AEBF-7C40BB28D31C}.Debug|x64.ActiveCfg = Debug|Any CPU
		{53689B68-E26D-4B16-AEBF-7C40BB28D31C}.Debug|x64.Build.0 = Debug|Any CPU
		{53689B68-E26D-4B16-AEBF-7C40BB28D31C}.Debug|x86.ActiveCfg = Debug|Any CPU
		{53689B68-E26D-4B16-AEBF-7C40BB28D31C}.Debug|x86.Build.0 = Debug|Any CPU
		{53689B68-E26D-4B16-AEBF-7C40BB28D31C}.Release|Any CPU.ActiveCfg = Release|Any CPU
		{53689B68-E26D-4B16-AEBF-7C40BB28D31C}.Release|Any CPU.Build.0 = Release|Any CPU
		{53689B68-E26D-4B16-AEBF-7C40BB28D31C}.Release|x64.ActiveCfg = Release|Any CPU
		{53689B68-E26D-4B16-AEBF-7C40BB28D31C}.Release|x64.Build.0 = Release|Any CPU
		{53689B68-E26D-4B16-AEBF-7C40BB28D31C}.Release|x86.ActiveCfg = Release|Any CPU
		{53689B68-E26D-4B16-AEBF-7C40BB28D31C}.Release|x86.Build.0 = Release|Any CPU
		{108D50EE-8A5B-4465-AAEB-9E05D0995174}.Debug|Any CPU.ActiveCfg = Debug|Any CPU
		{108D50EE-8A5B-4465-AAEB-9E05D0995174}.Debug|Any CPU.Build.0 = Debug|Any CPU
		{108D50EE-8A5B-4465-AAEB-9E05D0995174}.Debug|x64.ActiveCfg = Debug|Any CPU
		{108D50EE-8A5B-4465-AAEB-9E05D0995174}.Debug|x64.Build.0 = Debug|Any CPU
		{108D50EE-8A5B-4465-AAEB-9E05D0995174}.Debug|x86.ActiveCfg = Debug|Any CPU
		{108D50EE-8A5B-4465-AAEB-9E05D0995174}.Debug|x86.Build.0 = Debug|Any CPU
		{108D50EE-8A5B-4465-AAEB-9E05D0995174}.Release|Any CPU.ActiveCfg = Release|Any CPU
		{108D50EE-8A5B-4465-AAEB-9E05D0995174}.Release|Any CPU.Build.0 = Release|Any CPU
		{108D50EE-8A5B-4465-AAEB-9E05D0995174}.Release|x64.ActiveCfg = Release|Any CPU
		{108D50EE-8A5B-4465-AAEB-9E05D0995174}.Release|x64.Build.0 = Release|Any CPU
		{108D50EE-8A5B-4465-AAEB-9E05D0995174}.Release|x86.ActiveCfg = Release|Any CPU
		{108D50EE-8A5B-4465-AAEB-9E05D0995174}.Release|x86.Build.0 = Release|Any CPU
		{61E1E481-C16C-46EF-BC36-FE63CD7D398D}.Debug|Any CPU.ActiveCfg = Debug|Any CPU
		{61E1E481-C16C-46EF-BC36-FE63CD7D398D}.Debug|Any CPU.Build.0 = Debug|Any CPU
		{61E1E481-C16C-46EF-BC36-FE63CD7D398D}.Debug|x64.ActiveCfg = Debug|Any CPU
		{61E1E481-C16C-46EF-BC36-FE63CD7D398D}.Debug|x64.Build.0 = Debug|Any CPU
		{61E1E481-C16C-46EF-BC36-FE63CD7D398D}.Debug|x86.ActiveCfg = Debug|Any CPU
		{61E1E481-C16C-46EF-BC36-FE63CD7D398D}.Debug|x86.Build.0 = Debug|Any CPU
		{61E1E481-C16C-46EF-BC36-FE63CD7D398D}.Release|Any CPU.ActiveCfg = Release|Any CPU
		{61E1E481-C16C-46EF-BC36-FE63CD7D398D}.Release|Any CPU.Build.0 = Release|Any CPU
		{61E1E481-C16C-46EF-BC36-FE63CD7D398D}.Release|x64.ActiveCfg = Release|Any CPU
		{61E1E481-C16C-46EF-BC36-FE63CD7D398D}.Release|x64.Build.0 = Release|Any CPU
		{61E1E481-C16C-46EF-BC36-FE63CD7D398D}.Release|x86.ActiveCfg = Release|Any CPU
		{61E1E481-C16C-46EF-BC36-FE63CD7D398D}.Release|x86.Build.0 = Release|Any CPU
		{BFF2FCD4-64A8-4815-A261-5416FBA81276}.Debug|Any CPU.ActiveCfg = Debug|Any CPU
		{BFF2FCD4-64A8-4815-A261-5416FBA81276}.Debug|Any CPU.Build.0 = Debug|Any CPU
		{BFF2FCD4-64A8-4815-A261-5416FBA81276}.Debug|x64.ActiveCfg = Debug|Any CPU
		{BFF2FCD4-64A8-4815-A261-5416FBA81276}.Debug|x64.Build.0 = Debug|Any CPU
		{BFF2FCD4-64A8-4815-A261-5416FBA81276}.Debug|x86.ActiveCfg = Debug|Any CPU
		{BFF2FCD4-64A8-4815-A261-5416FBA81276}.Debug|x86.Build.0 = Debug|Any CPU
		{BFF2FCD4-64A8-4815-A261-5416FBA81276}.Release|Any CPU.ActiveCfg = Release|Any CPU
		{BFF2FCD4-64A8-4815-A261-5416FBA81276}.Release|Any CPU.Build.0 = Release|Any CPU
		{BFF2FCD4-64A8-4815-A261-5416FBA81276}.Release|x64.ActiveCfg = Release|Any CPU
		{BFF2FCD4-64A8-4815-A261-5416FBA81276}.Release|x64.Build.0 = Release|Any CPU
		{BFF2FCD4-64A8-4815-A261-5416FBA81276}.Release|x86.ActiveCfg = Release|Any CPU
		{BFF2FCD4-64A8-4815-A261-5416FBA81276}.Release|x86.Build.0 = Release|Any CPU
		{69BE8A10-1539-4D26-A48D-5A639D737AF3}.Debug|Any CPU.ActiveCfg = Debug|Any CPU
		{69BE8A10-1539-4D26-A48D-5A639D737AF3}.Debug|Any CPU.Build.0 = Debug|Any CPU
		{69BE8A10-1539-4D26-A48D-5A639D737AF3}.Debug|x64.ActiveCfg = Debug|Any CPU
		{69BE8A10-1539-4D26-A48D-5A639D737AF3}.Debug|x64.Build.0 = Debug|Any CPU
		{69BE8A10-1539-4D26-A48D-5A639D737AF3}.Debug|x86.ActiveCfg = Debug|Any CPU
		{69BE8A10-1539-4D26-A48D-5A639D737AF3}.Debug|x86.Build.0 = Debug|Any CPU
		{69BE8A10-1539-4D26-A48D-5A639D737AF3}.Release|Any CPU.ActiveCfg = Release|Any CPU
		{69BE8A10-1539-4D26-A48D-5A639D737AF3}.Release|Any CPU.Build.0 = Release|Any CPU
		{69BE8A10-1539-4D26-A48D-5A639D737AF3}.Release|x64.ActiveCfg = Release|Any CPU
		{69BE8A10-1539-4D26-A48D-5A639D737AF3}.Release|x64.Build.0 = Release|Any CPU
		{69BE8A10-1539-4D26-A48D-5A639D737AF3}.Release|x86.ActiveCfg = Release|Any CPU
		{69BE8A10-1539-4D26-A48D-5A639D737AF3}.Release|x86.Build.0 = Release|Any CPU
		{C243A7FD-16B7-4237-BDA8-053F3FF79C26}.Debug|Any CPU.ActiveCfg = Debug|Any CPU
		{C243A7FD-16B7-4237-BDA8-053F3FF79C26}.Debug|Any CPU.Build.0 = Debug|Any CPU
		{C243A7FD-16B7-4237-BDA8-053F3FF79C26}.Debug|x64.ActiveCfg = Debug|Any CPU
		{C243A7FD-16B7-4237-BDA8-053F3FF79C26}.Debug|x64.Build.0 = Debug|Any CPU
		{C243A7FD-16B7-4237-BDA8-053F3FF79C26}.Debug|x86.ActiveCfg = Debug|Any CPU
		{C243A7FD-16B7-4237-BDA8-053F3FF79C26}.Debug|x86.Build.0 = Debug|Any CPU
		{C243A7FD-16B7-4237-BDA8-053F3FF79C26}.Release|Any CPU.ActiveCfg = Release|Any CPU
		{C243A7FD-16B7-4237-BDA8-053F3FF79C26}.Release|Any CPU.Build.0 = Release|Any CPU
		{C243A7FD-16B7-4237-BDA8-053F3FF79C26}.Release|x64.ActiveCfg = Release|Any CPU
		{C243A7FD-16B7-4237-BDA8-053F3FF79C26}.Release|x64.Build.0 = Release|Any CPU
		{C243A7FD-16B7-4237-BDA8-053F3FF79C26}.Release|x86.ActiveCfg = Release|Any CPU
		{C243A7FD-16B7-4237-BDA8-053F3FF79C26}.Release|x86.Build.0 = Release|Any CPU
		{47D70F4F-D40E-43B6-B449-62231EBD4935}.Debug|Any CPU.ActiveCfg = Debug|Any CPU
		{47D70F4F-D40E-43B6-B449-62231EBD4935}.Debug|Any CPU.Build.0 = Debug|Any CPU
		{47D70F4F-D40E-43B6-B449-62231EBD4935}.Debug|x64.ActiveCfg = Debug|Any CPU
		{47D70F4F-D40E-43B6-B449-62231EBD4935}.Debug|x64.Build.0 = Debug|Any CPU
		{47D70F4F-D40E-43B6-B449-62231EBD4935}.Debug|x86.ActiveCfg = Debug|Any CPU
		{47D70F4F-D40E-43B6-B449-62231EBD4935}.Debug|x86.Build.0 = Debug|Any CPU
		{47D70F4F-D40E-43B6-B449-62231EBD4935}.Release|Any CPU.ActiveCfg = Release|Any CPU
		{47D70F4F-D40E-43B6-B449-62231EBD4935}.Release|Any CPU.Build.0 = Release|Any CPU
		{47D70F4F-D40E-43B6-B449-62231EBD4935}.Release|x64.ActiveCfg = Release|Any CPU
		{47D70F4F-D40E-43B6-B449-62231EBD4935}.Release|x64.Build.0 = Release|Any CPU
		{47D70F4F-D40E-43B6-B449-62231EBD4935}.Release|x86.ActiveCfg = Release|Any CPU
		{47D70F4F-D40E-43B6-B449-62231EBD4935}.Release|x86.Build.0 = Release|Any CPU
		{AECDC6AA-6575-4A2C-AC05-FE1AAEC0CB6E}.Debug|Any CPU.ActiveCfg = Debug|Any CPU
		{AECDC6AA-6575-4A2C-AC05-FE1AAEC0CB6E}.Debug|Any CPU.Build.0 = Debug|Any CPU
		{AECDC6AA-6575-4A2C-AC05-FE1AAEC0CB6E}.Debug|x64.ActiveCfg = Debug|Any CPU
		{AECDC6AA-6575-4A2C-AC05-FE1AAEC0CB6E}.Debug|x64.Build.0 = Debug|Any CPU
		{AECDC6AA-6575-4A2C-AC05-FE1AAEC0CB6E}.Debug|x86.ActiveCfg = Debug|Any CPU
		{AECDC6AA-6575-4A2C-AC05-FE1AAEC0CB6E}.Debug|x86.Build.0 = Debug|Any CPU
		{AECDC6AA-6575-4A2C-AC05-FE1AAEC0CB6E}.Release|Any CPU.ActiveCfg = Release|Any CPU
		{AECDC6AA-6575-4A2C-AC05-FE1AAEC0CB6E}.Release|Any CPU.Build.0 = Release|Any CPU
		{AECDC6AA-6575-4A2C-AC05-FE1AAEC0CB6E}.Release|x64.ActiveCfg = Release|Any CPU
		{AECDC6AA-6575-4A2C-AC05-FE1AAEC0CB6E}.Release|x64.Build.0 = Release|Any CPU
		{AECDC6AA-6575-4A2C-AC05-FE1AAEC0CB6E}.Release|x86.ActiveCfg = Release|Any CPU
		{AECDC6AA-6575-4A2C-AC05-FE1AAEC0CB6E}.Release|x86.Build.0 = Release|Any CPU
		{68DCDD7A-6699-4ADD-85CF-49347E78E2E0}.Debug|Any CPU.ActiveCfg = Debug|Any CPU
		{68DCDD7A-6699-4ADD-85CF-49347E78E2E0}.Debug|Any CPU.Build.0 = Debug|Any CPU
		{68DCDD7A-6699-4ADD-85CF-49347E78E2E0}.Debug|x64.ActiveCfg = Debug|Any CPU
		{68DCDD7A-6699-4ADD-85CF-49347E78E2E0}.Debug|x64.Build.0 = Debug|Any CPU
		{68DCDD7A-6699-4ADD-85CF-49347E78E2E0}.Debug|x86.ActiveCfg = Debug|Any CPU
		{68DCDD7A-6699-4ADD-85CF-49347E78E2E0}.Debug|x86.Build.0 = Debug|Any CPU
		{68DCDD7A-6699-4ADD-85CF-49347E78E2E0}.Release|Any CPU.ActiveCfg = Release|Any CPU
		{68DCDD7A-6699-4ADD-85CF-49347E78E2E0}.Release|Any CPU.Build.0 = Release|Any CPU
		{68DCDD7A-6699-4ADD-85CF-49347E78E2E0}.Release|x64.ActiveCfg = Release|Any CPU
		{68DCDD7A-6699-4ADD-85CF-49347E78E2E0}.Release|x64.Build.0 = Release|Any CPU
		{68DCDD7A-6699-4ADD-85CF-49347E78E2E0}.Release|x86.ActiveCfg = Release|Any CPU
		{68DCDD7A-6699-4ADD-85CF-49347E78E2E0}.Release|x86.Build.0 = Release|Any CPU
		{7D17112D-5BBF-47FA-91A0-BDF0BFB9CF39}.Debug|Any CPU.ActiveCfg = Debug|Any CPU
		{7D17112D-5BBF-47FA-91A0-BDF0BFB9CF39}.Debug|Any CPU.Build.0 = Debug|Any CPU
		{7D17112D-5BBF-47FA-91A0-BDF0BFB9CF39}.Debug|x64.ActiveCfg = Debug|Any CPU
		{7D17112D-5BBF-47FA-91A0-BDF0BFB9CF39}.Debug|x64.Build.0 = Debug|Any CPU
		{7D17112D-5BBF-47FA-91A0-BDF0BFB9CF39}.Debug|x86.ActiveCfg = Debug|Any CPU
		{7D17112D-5BBF-47FA-91A0-BDF0BFB9CF39}.Debug|x86.Build.0 = Debug|Any CPU
		{7D17112D-5BBF-47FA-91A0-BDF0BFB9CF39}.Release|Any CPU.ActiveCfg = Release|Any CPU
		{7D17112D-5BBF-47FA-91A0-BDF0BFB9CF39}.Release|Any CPU.Build.0 = Release|Any CPU
		{7D17112D-5BBF-47FA-91A0-BDF0BFB9CF39}.Release|x64.ActiveCfg = Release|Any CPU
		{7D17112D-5BBF-47FA-91A0-BDF0BFB9CF39}.Release|x64.Build.0 = Release|Any CPU
		{7D17112D-5BBF-47FA-91A0-BDF0BFB9CF39}.Release|x86.ActiveCfg = Release|Any CPU
		{7D17112D-5BBF-47FA-91A0-BDF0BFB9CF39}.Release|x86.Build.0 = Release|Any CPU
		{726132ED-9131-46FB-ABF5-E8A48CC4E98D}.Debug|Any CPU.ActiveCfg = Debug|Any CPU
		{726132ED-9131-46FB-ABF5-E8A48CC4E98D}.Debug|Any CPU.Build.0 = Debug|Any CPU
		{726132ED-9131-46FB-ABF5-E8A48CC4E98D}.Debug|x64.ActiveCfg = Debug|Any CPU
		{726132ED-9131-46FB-ABF5-E8A48CC4E98D}.Debug|x64.Build.0 = Debug|Any CPU
		{726132ED-9131-46FB-ABF5-E8A48CC4E98D}.Debug|x86.ActiveCfg = Debug|Any CPU
		{726132ED-9131-46FB-ABF5-E8A48CC4E98D}.Debug|x86.Build.0 = Debug|Any CPU
		{726132ED-9131-46FB-ABF5-E8A48CC4E98D}.Release|Any CPU.ActiveCfg = Release|Any CPU
		{726132ED-9131-46FB-ABF5-E8A48CC4E98D}.Release|Any CPU.Build.0 = Release|Any CPU
		{726132ED-9131-46FB-ABF5-E8A48CC4E98D}.Release|x64.ActiveCfg = Release|Any CPU
		{726132ED-9131-46FB-ABF5-E8A48CC4E98D}.Release|x64.Build.0 = Release|Any CPU
		{726132ED-9131-46FB-ABF5-E8A48CC4E98D}.Release|x86.ActiveCfg = Release|Any CPU
		{726132ED-9131-46FB-ABF5-E8A48CC4E98D}.Release|x86.Build.0 = Release|Any CPU
		{8CC87F69-A87B-4519-9E9E-8AAB965B3C73}.Debug|Any CPU.ActiveCfg = Debug|Any CPU
		{8CC87F69-A87B-4519-9E9E-8AAB965B3C73}.Debug|Any CPU.Build.0 = Debug|Any CPU
		{8CC87F69-A87B-4519-9E9E-8AAB965B3C73}.Debug|x64.ActiveCfg = Debug|Any CPU
		{8CC87F69-A87B-4519-9E9E-8AAB965B3C73}.Debug|x64.Build.0 = Debug|Any CPU
		{8CC87F69-A87B-4519-9E9E-8AAB965B3C73}.Debug|x86.ActiveCfg = Debug|Any CPU
		{8CC87F69-A87B-4519-9E9E-8AAB965B3C73}.Debug|x86.Build.0 = Debug|Any CPU
		{8CC87F69-A87B-4519-9E9E-8AAB965B3C73}.Release|Any CPU.ActiveCfg = Release|Any CPU
		{8CC87F69-A87B-4519-9E9E-8AAB965B3C73}.Release|Any CPU.Build.0 = Release|Any CPU
		{8CC87F69-A87B-4519-9E9E-8AAB965B3C73}.Release|x64.ActiveCfg = Release|Any CPU
		{8CC87F69-A87B-4519-9E9E-8AAB965B3C73}.Release|x64.Build.0 = Release|Any CPU
		{8CC87F69-A87B-4519-9E9E-8AAB965B3C73}.Release|x86.ActiveCfg = Release|Any CPU
		{8CC87F69-A87B-4519-9E9E-8AAB965B3C73}.Release|x86.Build.0 = Release|Any CPU
		{88310647-B33F-48DE-AB58-ABCB1922D9C5}.Debug|Any CPU.ActiveCfg = Debug|Any CPU
		{88310647-B33F-48DE-AB58-ABCB1922D9C5}.Debug|Any CPU.Build.0 = Debug|Any CPU
		{88310647-B33F-48DE-AB58-ABCB1922D9C5}.Debug|x64.ActiveCfg = Debug|Any CPU
		{88310647-B33F-48DE-AB58-ABCB1922D9C5}.Debug|x64.Build.0 = Debug|Any CPU
		{88310647-B33F-48DE-AB58-ABCB1922D9C5}.Debug|x86.ActiveCfg = Debug|Any CPU
		{88310647-B33F-48DE-AB58-ABCB1922D9C5}.Debug|x86.Build.0 = Debug|Any CPU
		{88310647-B33F-48DE-AB58-ABCB1922D9C5}.Release|Any CPU.ActiveCfg = Release|Any CPU
		{88310647-B33F-48DE-AB58-ABCB1922D9C5}.Release|Any CPU.Build.0 = Release|Any CPU
		{88310647-B33F-48DE-AB58-ABCB1922D9C5}.Release|x64.ActiveCfg = Release|Any CPU
		{88310647-B33F-48DE-AB58-ABCB1922D9C5}.Release|x64.Build.0 = Release|Any CPU
		{88310647-B33F-48DE-AB58-ABCB1922D9C5}.Release|x86.ActiveCfg = Release|Any CPU
		{88310647-B33F-48DE-AB58-ABCB1922D9C5}.Release|x86.Build.0 = Release|Any CPU
		{04E04192-8AAF-4778-8896-6D335A63DED7}.Debug|Any CPU.ActiveCfg = Debug|Any CPU
		{04E04192-8AAF-4778-8896-6D335A63DED7}.Debug|Any CPU.Build.0 = Debug|Any CPU
		{04E04192-8AAF-4778-8896-6D335A63DED7}.Debug|x64.ActiveCfg = Debug|Any CPU
		{04E04192-8AAF-4778-8896-6D335A63DED7}.Debug|x64.Build.0 = Debug|Any CPU
		{04E04192-8AAF-4778-8896-6D335A63DED7}.Debug|x86.ActiveCfg = Debug|Any CPU
		{04E04192-8AAF-4778-8896-6D335A63DED7}.Debug|x86.Build.0 = Debug|Any CPU
		{04E04192-8AAF-4778-8896-6D335A63DED7}.Release|Any CPU.ActiveCfg = Release|Any CPU
		{04E04192-8AAF-4778-8896-6D335A63DED7}.Release|Any CPU.Build.0 = Release|Any CPU
		{04E04192-8AAF-4778-8896-6D335A63DED7}.Release|x64.ActiveCfg = Release|Any CPU
		{04E04192-8AAF-4778-8896-6D335A63DED7}.Release|x64.Build.0 = Release|Any CPU
		{04E04192-8AAF-4778-8896-6D335A63DED7}.Release|x86.ActiveCfg = Release|Any CPU
		{04E04192-8AAF-4778-8896-6D335A63DED7}.Release|x86.Build.0 = Release|Any CPU
		{B2AC3FBE-602E-4FFD-9B19-7E64ED0DE5E3}.Debug|Any CPU.ActiveCfg = Debug|Any CPU
		{B2AC3FBE-602E-4FFD-9B19-7E64ED0DE5E3}.Debug|Any CPU.Build.0 = Debug|Any CPU
		{B2AC3FBE-602E-4FFD-9B19-7E64ED0DE5E3}.Debug|x64.ActiveCfg = Debug|Any CPU
		{B2AC3FBE-602E-4FFD-9B19-7E64ED0DE5E3}.Debug|x64.Build.0 = Debug|Any CPU
		{B2AC3FBE-602E-4FFD-9B19-7E64ED0DE5E3}.Debug|x86.ActiveCfg = Debug|Any CPU
		{B2AC3FBE-602E-4FFD-9B19-7E64ED0DE5E3}.Debug|x86.Build.0 = Debug|Any CPU
		{B2AC3FBE-602E-4FFD-9B19-7E64ED0DE5E3}.Release|Any CPU.ActiveCfg = Release|Any CPU
		{B2AC3FBE-602E-4FFD-9B19-7E64ED0DE5E3}.Release|Any CPU.Build.0 = Release|Any CPU
		{B2AC3FBE-602E-4FFD-9B19-7E64ED0DE5E3}.Release|x64.ActiveCfg = Release|Any CPU
		{B2AC3FBE-602E-4FFD-9B19-7E64ED0DE5E3}.Release|x64.Build.0 = Release|Any CPU
		{B2AC3FBE-602E-4FFD-9B19-7E64ED0DE5E3}.Release|x86.ActiveCfg = Release|Any CPU
		{B2AC3FBE-602E-4FFD-9B19-7E64ED0DE5E3}.Release|x86.Build.0 = Release|Any CPU
		{DECC72B6-D80E-4F6B-995F-C3EE136EF99F}.Debug|Any CPU.ActiveCfg = Debug|Any CPU
		{DECC72B6-D80E-4F6B-995F-C3EE136EF99F}.Debug|Any CPU.Build.0 = Debug|Any CPU
		{DECC72B6-D80E-4F6B-995F-C3EE136EF99F}.Debug|x64.ActiveCfg = Debug|Any CPU
		{DECC72B6-D80E-4F6B-995F-C3EE136EF99F}.Debug|x64.Build.0 = Debug|Any CPU
		{DECC72B6-D80E-4F6B-995F-C3EE136EF99F}.Debug|x86.ActiveCfg = Debug|Any CPU
		{DECC72B6-D80E-4F6B-995F-C3EE136EF99F}.Debug|x86.Build.0 = Debug|Any CPU
		{DECC72B6-D80E-4F6B-995F-C3EE136EF99F}.Release|Any CPU.ActiveCfg = Release|Any CPU
		{DECC72B6-D80E-4F6B-995F-C3EE136EF99F}.Release|Any CPU.Build.0 = Release|Any CPU
		{DECC72B6-D80E-4F6B-995F-C3EE136EF99F}.Release|x64.ActiveCfg = Release|Any CPU
		{DECC72B6-D80E-4F6B-995F-C3EE136EF99F}.Release|x64.Build.0 = Release|Any CPU
		{DECC72B6-D80E-4F6B-995F-C3EE136EF99F}.Release|x86.ActiveCfg = Release|Any CPU
		{DECC72B6-D80E-4F6B-995F-C3EE136EF99F}.Release|x86.Build.0 = Release|Any CPU
		{54A4CDE8-A948-4C29-A30C-3E67EF0C9A74}.Debug|Any CPU.ActiveCfg = Debug|Any CPU
		{54A4CDE8-A948-4C29-A30C-3E67EF0C9A74}.Debug|Any CPU.Build.0 = Debug|Any CPU
		{54A4CDE8-A948-4C29-A30C-3E67EF0C9A74}.Debug|x64.ActiveCfg = Debug|Any CPU
		{54A4CDE8-A948-4C29-A30C-3E67EF0C9A74}.Debug|x64.Build.0 = Debug|Any CPU
		{54A4CDE8-A948-4C29-A30C-3E67EF0C9A74}.Debug|x86.ActiveCfg = Debug|Any CPU
		{54A4CDE8-A948-4C29-A30C-3E67EF0C9A74}.Debug|x86.Build.0 = Debug|Any CPU
		{54A4CDE8-A948-4C29-A30C-3E67EF0C9A74}.Release|Any CPU.ActiveCfg = Release|Any CPU
		{54A4CDE8-A948-4C29-A30C-3E67EF0C9A74}.Release|Any CPU.Build.0 = Release|Any CPU
		{54A4CDE8-A948-4C29-A30C-3E67EF0C9A74}.Release|x64.ActiveCfg = Release|Any CPU
		{54A4CDE8-A948-4C29-A30C-3E67EF0C9A74}.Release|x64.Build.0 = Release|Any CPU
		{54A4CDE8-A948-4C29-A30C-3E67EF0C9A74}.Release|x86.ActiveCfg = Release|Any CPU
		{54A4CDE8-A948-4C29-A30C-3E67EF0C9A74}.Release|x86.Build.0 = Release|Any CPU
		{D1C13492-E2DA-4C01-A3E0-C6857E859464}.Debug|Any CPU.ActiveCfg = Debug|Any CPU
		{D1C13492-E2DA-4C01-A3E0-C6857E859464}.Debug|Any CPU.Build.0 = Debug|Any CPU
		{D1C13492-E2DA-4C01-A3E0-C6857E859464}.Debug|x64.ActiveCfg = Debug|Any CPU
		{D1C13492-E2DA-4C01-A3E0-C6857E859464}.Debug|x64.Build.0 = Debug|Any CPU
		{D1C13492-E2DA-4C01-A3E0-C6857E859464}.Debug|x86.ActiveCfg = Debug|Any CPU
		{D1C13492-E2DA-4C01-A3E0-C6857E859464}.Debug|x86.Build.0 = Debug|Any CPU
		{D1C13492-E2DA-4C01-A3E0-C6857E859464}.Release|Any CPU.ActiveCfg = Release|Any CPU
		{D1C13492-E2DA-4C01-A3E0-C6857E859464}.Release|Any CPU.Build.0 = Release|Any CPU
		{D1C13492-E2DA-4C01-A3E0-C6857E859464}.Release|x64.ActiveCfg = Release|Any CPU
		{D1C13492-E2DA-4C01-A3E0-C6857E859464}.Release|x64.Build.0 = Release|Any CPU
		{D1C13492-E2DA-4C01-A3E0-C6857E859464}.Release|x86.ActiveCfg = Release|Any CPU
		{D1C13492-E2DA-4C01-A3E0-C6857E859464}.Release|x86.Build.0 = Release|Any CPU
		{4B6BED26-D8A8-4D0B-8CD8-8B953E4D5958}.Debug|Any CPU.ActiveCfg = Debug|Any CPU
		{4B6BED26-D8A8-4D0B-8CD8-8B953E4D5958}.Debug|Any CPU.Build.0 = Debug|Any CPU
		{4B6BED26-D8A8-4D0B-8CD8-8B953E4D5958}.Debug|x64.ActiveCfg = Debug|Any CPU
		{4B6BED26-D8A8-4D0B-8CD8-8B953E4D5958}.Debug|x64.Build.0 = Debug|Any CPU
		{4B6BED26-D8A8-4D0B-8CD8-8B953E4D5958}.Debug|x86.ActiveCfg = Debug|Any CPU
		{4B6BED26-D8A8-4D0B-8CD8-8B953E4D5958}.Debug|x86.Build.0 = Debug|Any CPU
		{4B6BED26-D8A8-4D0B-8CD8-8B953E4D5958}.Release|Any CPU.ActiveCfg = Release|Any CPU
		{4B6BED26-D8A8-4D0B-8CD8-8B953E4D5958}.Release|Any CPU.Build.0 = Release|Any CPU
		{4B6BED26-D8A8-4D0B-8CD8-8B953E4D5958}.Release|x64.ActiveCfg = Release|Any CPU
		{4B6BED26-D8A8-4D0B-8CD8-8B953E4D5958}.Release|x64.Build.0 = Release|Any CPU
		{4B6BED26-D8A8-4D0B-8CD8-8B953E4D5958}.Release|x86.ActiveCfg = Release|Any CPU
		{4B6BED26-D8A8-4D0B-8CD8-8B953E4D5958}.Release|x86.Build.0 = Release|Any CPU
		{0F2EAC1D-C191-4F39-BCD7-118AD99F4554}.Debug|Any CPU.ActiveCfg = Debug|Any CPU
		{0F2EAC1D-C191-4F39-BCD7-118AD99F4554}.Debug|Any CPU.Build.0 = Debug|Any CPU
		{0F2EAC1D-C191-4F39-BCD7-118AD99F4554}.Debug|x64.ActiveCfg = Debug|Any CPU
		{0F2EAC1D-C191-4F39-BCD7-118AD99F4554}.Debug|x64.Build.0 = Debug|Any CPU
		{0F2EAC1D-C191-4F39-BCD7-118AD99F4554}.Debug|x86.ActiveCfg = Debug|Any CPU
		{0F2EAC1D-C191-4F39-BCD7-118AD99F4554}.Debug|x86.Build.0 = Debug|Any CPU
		{0F2EAC1D-C191-4F39-BCD7-118AD99F4554}.Release|Any CPU.ActiveCfg = Release|Any CPU
		{0F2EAC1D-C191-4F39-BCD7-118AD99F4554}.Release|Any CPU.Build.0 = Release|Any CPU
		{0F2EAC1D-C191-4F39-BCD7-118AD99F4554}.Release|x64.ActiveCfg = Release|Any CPU
		{0F2EAC1D-C191-4F39-BCD7-118AD99F4554}.Release|x64.Build.0 = Release|Any CPU
		{0F2EAC1D-C191-4F39-BCD7-118AD99F4554}.Release|x86.ActiveCfg = Release|Any CPU
		{0F2EAC1D-C191-4F39-BCD7-118AD99F4554}.Release|x86.Build.0 = Release|Any CPU
		{F21119A1-6FC9-42BB-9B60-67A4AE7B577A}.Debug|Any CPU.ActiveCfg = Debug|Any CPU
		{F21119A1-6FC9-42BB-9B60-67A4AE7B577A}.Debug|Any CPU.Build.0 = Debug|Any CPU
		{F21119A1-6FC9-42BB-9B60-67A4AE7B577A}.Debug|x64.ActiveCfg = Debug|Any CPU
		{F21119A1-6FC9-42BB-9B60-67A4AE7B577A}.Debug|x64.Build.0 = Debug|Any CPU
		{F21119A1-6FC9-42BB-9B60-67A4AE7B577A}.Debug|x86.ActiveCfg = Debug|Any CPU
		{F21119A1-6FC9-42BB-9B60-67A4AE7B577A}.Debug|x86.Build.0 = Debug|Any CPU
		{F21119A1-6FC9-42BB-9B60-67A4AE7B577A}.Release|Any CPU.ActiveCfg = Release|Any CPU
		{F21119A1-6FC9-42BB-9B60-67A4AE7B577A}.Release|Any CPU.Build.0 = Release|Any CPU
		{F21119A1-6FC9-42BB-9B60-67A4AE7B577A}.Release|x64.ActiveCfg = Release|Any CPU
		{F21119A1-6FC9-42BB-9B60-67A4AE7B577A}.Release|x64.Build.0 = Release|Any CPU
		{F21119A1-6FC9-42BB-9B60-67A4AE7B577A}.Release|x86.ActiveCfg = Release|Any CPU
		{F21119A1-6FC9-42BB-9B60-67A4AE7B577A}.Release|x86.Build.0 = Release|Any CPU
		{288FE3E2-B584-4161-96F9-E3FD6DDCF941}.Debug|Any CPU.ActiveCfg = Debug|Any CPU
		{288FE3E2-B584-4161-96F9-E3FD6DDCF941}.Debug|Any CPU.Build.0 = Debug|Any CPU
		{288FE3E2-B584-4161-96F9-E3FD6DDCF941}.Debug|x64.ActiveCfg = Debug|Any CPU
		{288FE3E2-B584-4161-96F9-E3FD6DDCF941}.Debug|x64.Build.0 = Debug|Any CPU
		{288FE3E2-B584-4161-96F9-E3FD6DDCF941}.Debug|x86.ActiveCfg = Debug|Any CPU
		{288FE3E2-B584-4161-96F9-E3FD6DDCF941}.Debug|x86.Build.0 = Debug|Any CPU
		{288FE3E2-B584-4161-96F9-E3FD6DDCF941}.Release|Any CPU.ActiveCfg = Release|Any CPU
		{288FE3E2-B584-4161-96F9-E3FD6DDCF941}.Release|Any CPU.Build.0 = Release|Any CPU
		{288FE3E2-B584-4161-96F9-E3FD6DDCF941}.Release|x64.ActiveCfg = Release|Any CPU
		{288FE3E2-B584-4161-96F9-E3FD6DDCF941}.Release|x64.Build.0 = Release|Any CPU
		{288FE3E2-B584-4161-96F9-E3FD6DDCF941}.Release|x86.ActiveCfg = Release|Any CPU
		{288FE3E2-B584-4161-96F9-E3FD6DDCF941}.Release|x86.Build.0 = Release|Any CPU
		{92500B25-5CEC-41A4-9623-2B2701BEFF76}.Debug|Any CPU.ActiveCfg = Debug|Any CPU
		{92500B25-5CEC-41A4-9623-2B2701BEFF76}.Debug|Any CPU.Build.0 = Debug|Any CPU
		{92500B25-5CEC-41A4-9623-2B2701BEFF76}.Debug|x64.ActiveCfg = Debug|Any CPU
		{92500B25-5CEC-41A4-9623-2B2701BEFF76}.Debug|x64.Build.0 = Debug|Any CPU
		{92500B25-5CEC-41A4-9623-2B2701BEFF76}.Debug|x86.ActiveCfg = Debug|Any CPU
		{92500B25-5CEC-41A4-9623-2B2701BEFF76}.Debug|x86.Build.0 = Debug|Any CPU
		{92500B25-5CEC-41A4-9623-2B2701BEFF76}.Release|Any CPU.ActiveCfg = Release|Any CPU
		{92500B25-5CEC-41A4-9623-2B2701BEFF76}.Release|Any CPU.Build.0 = Release|Any CPU
		{92500B25-5CEC-41A4-9623-2B2701BEFF76}.Release|x64.ActiveCfg = Release|Any CPU
		{92500B25-5CEC-41A4-9623-2B2701BEFF76}.Release|x64.Build.0 = Release|Any CPU
		{92500B25-5CEC-41A4-9623-2B2701BEFF76}.Release|x86.ActiveCfg = Release|Any CPU
		{92500B25-5CEC-41A4-9623-2B2701BEFF76}.Release|x86.Build.0 = Release|Any CPU
		{0231DBB0-F157-4783-AAFA-5D1A2803D10E}.Debug|Any CPU.ActiveCfg = Debug|Any CPU
		{0231DBB0-F157-4783-AAFA-5D1A2803D10E}.Debug|Any CPU.Build.0 = Debug|Any CPU
		{0231DBB0-F157-4783-AAFA-5D1A2803D10E}.Debug|x64.ActiveCfg = Debug|Any CPU
		{0231DBB0-F157-4783-AAFA-5D1A2803D10E}.Debug|x64.Build.0 = Debug|Any CPU
		{0231DBB0-F157-4783-AAFA-5D1A2803D10E}.Debug|x86.ActiveCfg = Debug|Any CPU
		{0231DBB0-F157-4783-AAFA-5D1A2803D10E}.Debug|x86.Build.0 = Debug|Any CPU
		{0231DBB0-F157-4783-AAFA-5D1A2803D10E}.Release|Any CPU.ActiveCfg = Release|Any CPU
		{0231DBB0-F157-4783-AAFA-5D1A2803D10E}.Release|Any CPU.Build.0 = Release|Any CPU
		{0231DBB0-F157-4783-AAFA-5D1A2803D10E}.Release|x64.ActiveCfg = Release|Any CPU
		{0231DBB0-F157-4783-AAFA-5D1A2803D10E}.Release|x64.Build.0 = Release|Any CPU
		{0231DBB0-F157-4783-AAFA-5D1A2803D10E}.Release|x86.ActiveCfg = Release|Any CPU
		{0231DBB0-F157-4783-AAFA-5D1A2803D10E}.Release|x86.Build.0 = Release|Any CPU
	EndGlobalSection
	GlobalSection(SolutionProperties) = preSolution
		HideSolutionNode = FALSE
	EndGlobalSection
	GlobalSection(NestedProjects) = preSolution
		{30F1AB11-315C-4F39-BFBB-C086C297D997} = {BCFF2035-A03A-3CE1-7EAD-1AF9736A6F18}
		{3C509983-9CC1-4396-BA06-19FFDC822DF0} = {BCFF2035-A03A-3CE1-7EAD-1AF9736A6F18}
		{AD25F49D-DC01-43DE-9386-7F3D7915C555} = {BCFF2035-A03A-3CE1-7EAD-1AF9736A6F18}
		{7E70402E-175F-41C7-BC3F-709C7EC6E907} = {BCFF2035-A03A-3CE1-7EAD-1AF9736A6F18}
		{9086B9CC-C641-4F26-964C-F798DF18744B} = {BCFF2035-A03A-3CE1-7EAD-1AF9736A6F18}
		{DA825B01-DDE5-425E-BAFF-A95629FB0929} = {BCFF2035-A03A-3CE1-7EAD-1AF9736A6F18}
		{B295F2A4-1113-49C4-8B1C-37D3E74899D2} = {BCFF2035-A03A-3CE1-7EAD-1AF9736A6F18}
		{D05F610E-E1DE-4914-8959-458C10F3DE57} = {BCFF2035-A03A-3CE1-7EAD-1AF9736A6F18}
		{2391B1D7-A6C4-43D2-A1BD-D1F5CD5BEAC6} = {BCFF2035-A03A-3CE1-7EAD-1AF9736A6F18}
		{2072E578-6552-43EE-A130-FA0128C7974A} = {BCFF2035-A03A-3CE1-7EAD-1AF9736A6F18}
		{153E99D0-4FD1-4AFD-A0F5-75CEDE676E77} = {BCFF2035-A03A-3CE1-7EAD-1AF9736A6F18}
		{508ABC21-4D4D-4A9B-887C-C2D3C53FC7FC} = {BCFF2035-A03A-3CE1-7EAD-1AF9736A6F18}
		{AFF268C9-9D0D-4E7F-A0EB-5C061BD4136D} = {5C51F8F0-F98E-F290-8870-636177B51AA0}
		{5BBC1CCF-0B9D-4690-B8CF-63EFF13BC472} = {5C51F8F0-F98E-F290-8870-636177B51AA0}
		{3D312810-4733-485C-852E-3C4D46A34AA1} = {6D45FBD7-C3DD-9C97-3493-E0738774BBD9}
		{D0F3EC48-6BAA-4D16-974C-509177EA306B} = {6D45FBD7-C3DD-9C97-3493-E0738774BBD9}
		{53689B68-E26D-4B16-AEBF-7C40BB28D31C} = {515034DE-E4E5-3117-3EEA-BF4C3E33469C}
		{108D50EE-8A5B-4465-AAEB-9E05D0995174} = {515034DE-E4E5-3117-3EEA-BF4C3E33469C}
		{61E1E481-C16C-46EF-BC36-FE63CD7D398D} = {52B82C73-ECAF-8FA0-DCC5-712EAB3F3542}
		{BFF2FCD4-64A8-4815-A261-5416FBA81276} = {52B82C73-ECAF-8FA0-DCC5-712EAB3F3542}
		{69BE8A10-1539-4D26-A48D-5A639D737AF3} = {52B82C73-ECAF-8FA0-DCC5-712EAB3F3542}
		{C243A7FD-16B7-4237-BDA8-053F3FF79C26} = {52B82C73-ECAF-8FA0-DCC5-712EAB3F3542}
		{47D70F4F-D40E-43B6-B449-62231EBD4935} = {381B7CCE-8134-F83E-DDFD-DEA367170778}
		{AECDC6AA-6575-4A2C-AC05-FE1AAEC0CB6E} = {0D6C39BC-EBAA-2852-8B73-5A1601834727}
		{68DCDD7A-6699-4ADD-85CF-49347E78E2E0} = {0D6C39BC-EBAA-2852-8B73-5A1601834727}
		{7D17112D-5BBF-47FA-91A0-BDF0BFB9CF39} = {BF809C25-BA9C-FD53-E2E3-2ABD28042CF4}
		{726132ED-9131-46FB-ABF5-E8A48CC4E98D} = {D877F00B-5746-D7F0-6096-4751C0B934DF}
		{8CC87F69-A87B-4519-9E9E-8AAB965B3C73} = {D877F00B-5746-D7F0-6096-4751C0B934DF}
		{88310647-B33F-48DE-AB58-ABCB1922D9C5} = {EECA5FA4-2586-E18B-CE96-C5D4FD1C9095}
		{04E04192-8AAF-4778-8896-6D335A63DED7} = {A4E833F2-A4CE-8A69-F8E4-30AF6F6543C1}
		{B2AC3FBE-602E-4FFD-9B19-7E64ED0DE5E3} = {6E7B968A-148F-7001-FE2F-AE9A6F49CDBB}
		{DECC72B6-D80E-4F6B-995F-C3EE136EF99F} = {6E7B968A-148F-7001-FE2F-AE9A6F49CDBB}
		{54A4CDE8-A948-4C29-A30C-3E67EF0C9A74} = {DC38C501-815B-F0BE-CCAF-5D3260E1765F}
		{D1C13492-E2DA-4C01-A3E0-C6857E859464} = {DC38C501-815B-F0BE-CCAF-5D3260E1765F}
		{4B6BED26-D8A8-4D0B-8CD8-8B953E4D5958} = {B8540827-F697-057E-B68A-010ABF706CB4}
		{0F2EAC1D-C191-4F39-BCD7-118AD99F4554} = {B8540827-F697-057E-B68A-010ABF706CB4}
		{F21119A1-6FC9-42BB-9B60-67A4AE7B577A} = {B8540827-F697-057E-B68A-010ABF706CB4}
		{288FE3E2-B584-4161-96F9-E3FD6DDCF941} = {6060DF55-80BA-7EEC-B05F-ED5EFF52A3D3}
		{92500B25-5CEC-41A4-9623-2B2701BEFF76} = {6060DF55-80BA-7EEC-B05F-ED5EFF52A3D3}
		{0231DBB0-F157-4783-AAFA-5D1A2803D10E} = {11076860-4FAB-4323-2ACF-FBD150595217}
	EndGlobalSection
EndGlobal
