
Microsoft Visual Studio Solution File, Format Version 12.00
# Visual Studio Version 17
VisualStudioVersion = 17.0.31903.59
MinimumVisualStudioVersion = 10.0.40219.1
Project("{2150E333-8FDC-42A3-9474-1A3956D46DE8}") = "19-05-2025", "19-05-2025", "{BCFF2035-A03A-3CE1-7EAD-1AF9736A6F18}"
EndProject
Project("{FAE04EC0-301F-11D3-BF4B-00C04F79EFBC}") = "task1", "19-05-2025\task1\task1.csproj", "{30F1AB11-315C-4F39-BFBB-C086C297D997}"
EndProject
Project("{FAE04EC0-301F-11D3-BF4B-00C04F79EFBC}") = "task2", "19-05-2025\task2\task2.csproj", "{3C509983-9CC1-4396-BA06-19FFDC822DF0}"
EndProject
Project("{FAE04EC0-301F-11D3-BF4B-00C04F79EFBC}") = "task3", "19-05-2025\task3\task3.csproj", "{AD25F49D-DC01-43DE-9386-7F3D7915C555}"
EndProject
Project("{FAE04EC0-301F-11D3-BF4B-00C04F79EFBC}") = "task4", "19-05-2025\task4\task4.csproj", "{7E70402E-175F-41C7-BC3F-709C7EC6E907}"
EndProject
Project("{FAE04EC0-301F-11D3-BF4B-00C04F79EFBC}") = "task5", "19-05-2025\task5\task5.csproj", "{9086B9CC-C641-4F26-964C-F798DF18744B}"
EndProject
Project("{FAE04EC0-301F-11D3-BF4B-00C04F79EFBC}") = "task6", "19-05-2025\task6\task6.csproj", "{DA825B01-DDE5-425E-BAFF-A95629FB0929}"
EndProject
Project("{FAE04EC0-301F-11D3-BF4B-00C04F79EFBC}") = "task7", "19-05-2025\task7\task7.csproj", "{B295F2A4-1113-49C4-8B1C-37D3E74899D2}"
EndProject
Project("{FAE04EC0-301F-11D3-BF4B-00C04F79EFBC}") = "task8", "19-05-2025\task8\task8.csproj", "{D05F610E-E1DE-4914-8959-458C10F3DE57}"
EndProject
Project("{FAE04EC0-301F-11D3-BF4B-00C04F79EFBC}") = "task9", "19-05-2025\task9\task9.csproj", "{2391B1D7-A6C4-43D2-A1BD-D1F5CD5BEAC6}"
EndProject
Project("{FAE04EC0-301F-11D3-BF4B-00C04F79EFBC}") = "task10", "19-05-2025\task10\task10.csproj", "{2072E578-6552-43EE-A130-FA0128C7974A}"
EndProject
Project("{FAE04EC0-301F-11D3-BF4B-00C04F79EFBC}") = "task11", "19-05-2025\task11\task11.csproj", "{153E99D0-4FD1-4AFD-A0F5-75CEDE676E77}"
EndProject
Project("{FAE04EC0-301F-11D3-BF4B-00C04F79EFBC}") = "task12", "19-05-2025\task12\task12.csproj", "{508ABC21-4D4D-4A9B-887C-C2D3C53FC7FC}"
EndProject
Global
	GlobalSection(SolutionConfigurationPlatforms) = preSolution
		Debug|Any CPU = Debug|Any CPU
		Debug|x64 = Debug|x64
		Debug|x86 = Debug|x86
		Release|Any CPU = Release|Any CPU
		Release|x64 = Release|x64
		Release|x86 = Release|x86
	EndGlobalSection
	GlobalSection(ProjectConfigurationPlatforms) = postSolution
		{30F1AB11-315C-4F39-BFBB-C086C297D997}.Debug|Any CPU.ActiveCfg = Debug|Any CPU
		{30F1AB11-315C-4F39-BFBB-C086C297D997}.Debug|Any CPU.Build.0 = Debug|Any CPU
		{30F1AB11-315C-4F39-BFBB-C086C297D997}.Debug|x64.ActiveCfg = Debug|Any CPU
		{30F1AB11-315C-4F39-BFBB-C086C297D997}.Debug|x64.Build.0 = Debug|Any CPU
		{30F1AB11-315C-4F39-BFBB-C086C297D997}.Debug|x86.ActiveCfg = Debug|Any CPU
		{30F1AB11-315C-4F39-BFBB-C086C297D997}.Debug|x86.Build.0 = Debug|Any CPU
		{30F1AB11-315C-4F39-BFBB-C086C297D997}.Release|Any CPU.ActiveCfg = Release|Any CPU
		{30F1AB11-315C-4F39-BFBB-C086C297D997}.Release|Any CPU.Build.0 = Release|Any CPU
		{30F1AB11-315C-4F39-BFBB-C086C297D997}.Release|x64.ActiveCfg = Release|Any CPU
		{30F1AB11-315C-4F39-BFBB-C086C297D997}.Release|x64.Build.0 = Release|Any CPU
		{30F1AB11-315C-4F39-BFBB-C086C297D997}.Release|x86.ActiveCfg = Release|Any CPU
		{30F1AB11-315C-4F39-BFBB-C086C297D997}.Release|x86.Build.0 = Release|Any CPU
		{3C509983-9CC1-4396-BA06-19FFDC822DF0}.Debug|Any CPU.ActiveCfg = Debug|Any CPU
		{3C509983-9CC1-4396-BA06-19FFDC822DF0}.Debug|Any CPU.Build.0 = Debug|Any CPU
		{3C509983-9CC1-4396-BA06-19FFDC822DF0}.Debug|x64.ActiveCfg = Debug|Any CPU
		{3C509983-9CC1-4396-BA06-19FFDC822DF0}.Debug|x64.Build.0 = Debug|Any CPU
		{3C509983-9CC1-4396-BA06-19FFDC822DF0}.Debug|x86.ActiveCfg = Debug|Any CPU
		{3C509983-9CC1-4396-BA06-19FFDC822DF0}.Debug|x86.Build.0 = Debug|Any CPU
		{3C509983-9CC1-4396-BA06-19FFDC822DF0}.Release|Any CPU.ActiveCfg = Release|Any CPU
		{3C509983-9CC1-4396-BA06-19FFDC822DF0}.Release|Any CPU.Build.0 = Release|Any CPU
		{3C509983-9CC1-4396-BA06-19FFDC822DF0}.Release|x64.ActiveCfg = Release|Any CPU
		{3C509983-9CC1-4396-BA06-19FFDC822DF0}.Release|x64.Build.0 = Release|Any CPU
		{3C509983-9CC1-4396-BA06-19FFDC822DF0}.Release|x86.ActiveCfg = Release|Any CPU
		{3C509983-9CC1-4396-BA06-19FFDC822DF0}.Release|x86.Build.0 = Release|Any CPU
		{AD25F49D-DC01-43DE-9386-7F3D7915C555}.Debug|Any CPU.ActiveCfg = Debug|Any CPU
		{AD25F49D-DC01-43DE-9386-7F3D7915C555}.Debug|Any CPU.Build.0 = Debug|Any CPU
		{AD25F49D-DC01-43DE-9386-7F3D7915C555}.Debug|x64.ActiveCfg = Debug|Any CPU
		{AD25F49D-DC01-43DE-9386-7F3D7915C555}.Debug|x64.Build.0 = Debug|Any CPU
		{AD25F49D-DC01-43DE-9386-7F3D7915C555}.Debug|x86.ActiveCfg = Debug|Any CPU
		{AD25F49D-DC01-43DE-9386-7F3D7915C555}.Debug|x86.Build.0 = Debug|Any CPU
		{AD25F49D-DC01-43DE-9386-7F3D7915C555}.Release|Any CPU.ActiveCfg = Release|Any CPU
		{AD25F49D-DC01-43DE-9386-7F3D7915C555}.Release|Any CPU.Build.0 = Release|Any CPU
		{AD25F49D-DC01-43DE-9386-7F3D7915C555}.Release|x64.ActiveCfg = Release|Any CPU
		{AD25F49D-DC01-43DE-9386-7F3D7915C555}.Release|x64.Build.0 = Release|Any CPU
		{AD25F49D-DC01-43DE-9386-7F3D7915C555}.Release|x86.ActiveCfg = Release|Any CPU
		{AD25F49D-DC01-43DE-9386-7F3D7915C555}.Release|x86.Build.0 = Release|Any CPU
		{7E70402E-175F-41C7-BC3F-709C7EC6E907}.Debug|Any CPU.ActiveCfg = Debug|Any CPU
		{7E70402E-175F-41C7-BC3F-709C7EC6E907}.Debug|Any CPU.Build.0 = Debug|Any CPU
		{7E70402E-175F-41C7-BC3F-709C7EC6E907}.Debug|x64.ActiveCfg = Debug|Any CPU
		{7E70402E-175F-41C7-BC3F-709C7EC6E907}.Debug|x64.Build.0 = Debug|Any CPU
		{7E70402E-175F-41C7-BC3F-709C7EC6E907}.Debug|x86.ActiveCfg = Debug|Any CPU
		{7E70402E-175F-41C7-BC3F-709C7EC6E907}.Debug|x86.Build.0 = Debug|Any CPU
		{7E70402E-175F-41C7-BC3F-709C7EC6E907}.Release|Any CPU.ActiveCfg = Release|Any CPU
		{7E70402E-175F-41C7-BC3F-709C7EC6E907}.Release|Any CPU.Build.0 = Release|Any CPU
		{7E70402E-175F-41C7-BC3F-709C7EC6E907}.Release|x64.ActiveCfg = Release|Any CPU
		{7E70402E-175F-41C7-BC3F-709C7EC6E907}.Release|x64.Build.0 = Release|Any CPU
		{7E70402E-175F-41C7-BC3F-709C7EC6E907}.Release|x86.ActiveCfg = Release|Any CPU
		{7E70402E-175F-41C7-BC3F-709C7EC6E907}.Release|x86.Build.0 = Release|Any CPU
		{9086B9CC-C641-4F26-964C-F798DF18744B}.Debug|Any CPU.ActiveCfg = Debug|Any CPU
		{9086B9CC-C641-4F26-964C-F798DF18744B}.Debug|Any CPU.Build.0 = Debug|Any CPU
		{9086B9CC-C641-4F26-964C-F798DF18744B}.Debug|x64.ActiveCfg = Debug|Any CPU
		{9086B9CC-C641-4F26-964C-F798DF18744B}.Debug|x64.Build.0 = Debug|Any CPU
		{9086B9CC-C641-4F26-964C-F798DF18744B}.Debug|x86.ActiveCfg = Debug|Any CPU
		{9086B9CC-C641-4F26-964C-F798DF18744B}.Debug|x86.Build.0 = Debug|Any CPU
		{9086B9CC-C641-4F26-964C-F798DF18744B}.Release|Any CPU.ActiveCfg = Release|Any CPU
		{9086B9CC-C641-4F26-964C-F798DF18744B}.Release|Any CPU.Build.0 = Release|Any CPU
		{9086B9CC-C641-4F26-964C-F798DF18744B}.Release|x64.ActiveCfg = Release|Any CPU
		{9086B9CC-C641-4F26-964C-F798DF18744B}.Release|x64.Build.0 = Release|Any CPU
		{9086B9CC-C641-4F26-964C-F798DF18744B}.Release|x86.ActiveCfg = Release|Any CPU
		{9086B9CC-C641-4F26-964C-F798DF18744B}.Release|x86.Build.0 = Release|Any CPU
		{DA825B01-DDE5-425E-BAFF-A95629FB0929}.Debug|Any CPU.ActiveCfg = Debug|Any CPU
		{DA825B01-DDE5-425E-BAFF-A95629FB0929}.Debug|Any CPU.Build.0 = Debug|Any CPU
		{DA825B01-DDE5-425E-BAFF-A95629FB0929}.Debug|x64.ActiveCfg = Debug|Any CPU
		{DA825B01-DDE5-425E-BAFF-A95629FB0929}.Debug|x64.Build.0 = Debug|Any CPU
		{DA825B01-DDE5-425E-BAFF-A95629FB0929}.Debug|x86.ActiveCfg = Debug|Any CPU
		{DA825B01-DDE5-425E-BAFF-A95629FB0929}.Debug|x86.Build.0 = Debug|Any CPU
		{DA825B01-DDE5-425E-BAFF-A95629FB0929}.Release|Any CPU.ActiveCfg = Release|Any CPU
		{DA825B01-DDE5-425E-BAFF-A95629FB0929}.Release|Any CPU.Build.0 = Release|Any CPU
		{DA825B01-DDE5-425E-BAFF-A95629FB0929}.Release|x64.ActiveCfg = Release|Any CPU
		{DA825B01-DDE5-425E-BAFF-A95629FB0929}.Release|x64.Build.0 = Release|Any CPU
		{DA825B01-DDE5-425E-BAFF-A95629FB0929}.Release|x86.ActiveCfg = Release|Any CPU
		{DA825B01-DDE5-425E-BAFF-A95629FB0929}.Release|x86.Build.0 = Release|Any CPU
		{B295F2A4-1113-49C4-8B1C-37D3E74899D2}.Debug|Any CPU.ActiveCfg = Debug|Any CPU
		{B295F2A4-1113-49C4-8B1C-37D3E74899D2}.Debug|Any CPU.Build.0 = Debug|Any CPU
		{B295F2A4-1113-49C4-8B1C-37D3E74899D2}.Debug|x64.ActiveCfg = Debug|Any CPU
		{B295F2A4-1113-49C4-8B1C-37D3E74899D2}.Debug|x64.Build.0 = Debug|Any CPU
		{B295F2A4-1113-49C4-8B1C-37D3E74899D2}.Debug|x86.ActiveCfg = Debug|Any CPU
		{B295F2A4-1113-49C4-8B1C-37D3E74899D2}.Debug|x86.Build.0 = Debug|Any CPU
		{B295F2A4-1113-49C4-8B1C-37D3E74899D2}.Release|Any CPU.ActiveCfg = Release|Any CPU
		{B295F2A4-1113-49C4-8B1C-37D3E74899D2}.Release|Any CPU.Build.0 = Release|Any CPU
		{B295F2A4-1113-49C4-8B1C-37D3E74899D2}.Release|x64.ActiveCfg = Release|Any CPU
		{B295F2A4-1113-49C4-8B1C-37D3E74899D2}.Release|x64.Build.0 = Release|Any CPU
		{B295F2A4-1113-49C4-8B1C-37D3E74899D2}.Release|x86.ActiveCfg = Release|Any CPU
		{B295F2A4-1113-49C4-8B1C-37D3E74899D2}.Release|x86.Build.0 = Release|Any CPU
		{D05F610E-E1DE-4914-8959-458C10F3DE57}.Debug|Any CPU.ActiveCfg = Debug|Any CPU
		{D05F610E-E1DE-4914-8959-458C10F3DE57}.Debug|Any CPU.Build.0 = Debug|Any CPU
		{D05F610E-E1DE-4914-8959-458C10F3DE57}.Debug|x64.ActiveCfg = Debug|Any CPU
		{D05F610E-E1DE-4914-8959-458C10F3DE57}.Debug|x64.Build.0 = Debug|Any CPU
		{D05F610E-E1DE-4914-8959-458C10F3DE57}.Debug|x86.ActiveCfg = Debug|Any CPU
		{D05F610E-E1DE-4914-8959-458C10F3DE57}.Debug|x86.Build.0 = Debug|Any CPU
		{D05F610E-E1DE-4914-8959-458C10F3DE57}.Release|Any CPU.ActiveCfg = Release|Any CPU
		{D05F610E-E1DE-4914-8959-458C10F3DE57}.Release|Any CPU.Build.0 = Release|Any CPU
		{D05F610E-E1DE-4914-8959-458C10F3DE57}.Release|x64.ActiveCfg = Release|Any CPU
		{D05F610E-E1DE-4914-8959-458C10F3DE57}.Release|x64.Build.0 = Release|Any CPU
		{D05F610E-E1DE-4914-8959-458C10F3DE57}.Release|x86.ActiveCfg = Release|Any CPU
		{D05F610E-E1DE-4914-8959-458C10F3DE57}.Release|x86.Build.0 = Release|Any CPU
		{2391B1D7-A6C4-43D2-A1BD-D1F5CD5BEAC6}.Debug|Any CPU.ActiveCfg = Debug|Any CPU
		{2391B1D7-A6C4-43D2-A1BD-D1F5CD5BEAC6}.Debug|Any CPU.Build.0 = Debug|Any CPU
		{2391B1D7-A6C4-43D2-A1BD-D1F5CD5BEAC6}.Debug|x64.ActiveCfg = Debug|Any CPU
		{2391B1D7-A6C4-43D2-A1BD-D1F5CD5BEAC6}.Debug|x64.Build.0 = Debug|Any CPU
		{2391B1D7-A6C4-43D2-A1BD-D1F5CD5BEAC6}.Debug|x86.ActiveCfg = Debug|Any CPU
		{2391B1D7-A6C4-43D2-A1BD-D1F5CD5BEAC6}.Debug|x86.Build.0 = Debug|Any CPU
		{2391B1D7-A6C4-43D2-A1BD-D1F5CD5BEAC6}.Release|Any CPU.ActiveCfg = Release|Any CPU
		{2391B1D7-A6C4-43D2-A1BD-D1F5CD5BEAC6}.Release|Any CPU.Build.0 = Release|Any CPU
		{2391B1D7-A6C4-43D2-A1BD-D1F5CD5BEAC6}.Release|x64.ActiveCfg = Release|Any CPU
		{2391B1D7-A6C4-43D2-A1BD-D1F5CD5BEAC6}.Release|x64.Build.0 = Release|Any CPU
		{2391B1D7-A6C4-43D2-A1BD-D1F5CD5BEAC6}.Release|x86.ActiveCfg = Release|Any CPU
		{2391B1D7-A6C4-43D2-A1BD-D1F5CD5BEAC6}.Release|x86.Build.0 = Release|Any CPU
		{2072E578-6552-43EE-A130-FA0128C7974A}.Debug|Any CPU.ActiveCfg = Debug|Any CPU
		{2072E578-6552-43EE-A130-FA0128C7974A}.Debug|Any CPU.Build.0 = Debug|Any CPU
		{2072E578-6552-43EE-A130-FA0128C7974A}.Debug|x64.ActiveCfg = Debug|Any CPU
		{2072E578-6552-43EE-A130-FA0128C7974A}.Debug|x64.Build.0 = Debug|Any CPU
		{2072E578-6552-43EE-A130-FA0128C7974A}.Debug|x86.ActiveCfg = Debug|Any CPU
		{2072E578-6552-43EE-A130-FA0128C7974A}.Debug|x86.Build.0 = Debug|Any CPU
		{2072E578-6552-43EE-A130-FA0128C7974A}.Release|Any CPU.ActiveCfg = Release|Any CPU
		{2072E578-6552-43EE-A130-FA0128C7974A}.Release|Any CPU.Build.0 = Release|Any CPU
		{2072E578-6552-43EE-A130-FA0128C7974A}.Release|x64.ActiveCfg = Release|Any CPU
		{2072E578-6552-43EE-A130-FA0128C7974A}.Release|x64.Build.0 = Release|Any CPU
		{2072E578-6552-43EE-A130-FA0128C7974A}.Release|x86.ActiveCfg = Release|Any CPU
		{2072E578-6552-43EE-A130-FA0128C7974A}.Release|x86.Build.0 = Release|Any CPU
		{153E99D0-4FD1-4AFD-A0F5-75CEDE676E77}.Debug|Any CPU.ActiveCfg = Debug|Any CPU
		{153E99D0-4FD1-4AFD-A0F5-75CEDE676E77}.Debug|Any CPU.Build.0 = Debug|Any CPU
		{153E99D0-4FD1-4AFD-A0F5-75CEDE676E77}.Debug|x64.ActiveCfg = Debug|Any CPU
		{153E99D0-4FD1-4AFD-A0F5-75CEDE676E77}.Debug|x64.Build.0 = Debug|Any CPU
		{153E99D0-4FD1-4AFD-A0F5-75CEDE676E77}.Debug|x86.ActiveCfg = Debug|Any CPU
		{153E99D0-4FD1-4AFD-A0F5-75CEDE676E77}.Debug|x86.Build.0 = Debug|Any CPU
		{153E99D0-4FD1-4AFD-A0F5-75CEDE676E77}.Release|Any CPU.ActiveCfg = Release|Any CPU
		{153E99D0-4FD1-4AFD-A0F5-75CEDE676E77}.Release|Any CPU.Build.0 = Release|Any CPU
		{153E99D0-4FD1-4AFD-A0F5-75CEDE676E77}.Release|x64.ActiveCfg = Release|Any CPU
		{153E99D0-4FD1-4AFD-A0F5-75CEDE676E77}.Release|x64.Build.0 = Release|Any CPU
		{153E99D0-4FD1-4AFD-A0F5-75CEDE676E77}.Release|x86.ActiveCfg = Release|Any CPU
		{153E99D0-4FD1-4AFD-A0F5-75CEDE676E77}.Release|x86.Build.0 = Release|Any CPU
		{508ABC21-4D4D-4A9B-887C-C2D3C53FC7FC}.Debug|Any CPU.ActiveCfg = Debug|Any CPU
		{508ABC21-4D4D-4A9B-887C-C2D3C53FC7FC}.Debug|Any CPU.Build.0 = Debug|Any CPU
		{508ABC21-4D4D-4A9B-887C-C2D3C53FC7FC}.Debug|x64.ActiveCfg = Debug|Any CPU
		{508ABC21-4D4D-4A9B-887C-C2D3C53FC7FC}.Debug|x64.Build.0 = Debug|Any CPU
		{508ABC21-4D4D-4A9B-887C-C2D3C53FC7FC}.Debug|x86.ActiveCfg = Debug|Any CPU
		{508ABC21-4D4D-4A9B-887C-C2D3C53FC7FC}.Debug|x86.Build.0 = Debug|Any CPU
		{508ABC21-4D4D-4A9B-887C-C2D3C53FC7FC}.Release|Any CPU.ActiveCfg = Release|Any CPU
		{508ABC21-4D4D-4A9B-887C-C2D3C53FC7FC}.Release|Any CPU.Build.0 = Release|Any CPU
		{508ABC21-4D4D-4A9B-887C-C2D3C53FC7FC}.Release|x64.ActiveCfg = Release|Any CPU
		{508ABC21-4D4D-4A9B-887C-C2D3C53FC7FC}.Release|x64.Build.0 = Release|Any CPU
		{508ABC21-4D4D-4A9B-887C-C2D3C53FC7FC}.Release|x86.ActiveCfg = Release|Any CPU
		{508ABC21-4D4D-4A9B-887C-C2D3C53FC7FC}.Release|x86.Build.0 = Release|Any CPU
	EndGlobalSection
	GlobalSection(SolutionProperties) = preSolution
		HideSolutionNode = FALSE
	EndGlobalSection
	GlobalSection(NestedProjects) = preSolution
		{30F1AB11-315C-4F39-BFBB-C086C297D997} = {BCFF2035-A03A-3CE1-7EAD-1AF9736A6F18}
		{3C509983-9CC1-4396-BA06-19FFDC822DF0} = {BCFF2035-A03A-3CE1-7EAD-1AF9736A6F18}
		{AD25F49D-DC01-43DE-9386-7F3D7915C555} = {BCFF2035-A03A-3CE1-7EAD-1AF9736A6F18}
		{7E70402E-175F-41C7-BC3F-709C7EC6E907} = {BCFF2035-A03A-3CE1-7EAD-1AF9736A6F18}
		{9086B9CC-C641-4F26-964C-F798DF18744B} = {BCFF2035-A03A-3CE1-7EAD-1AF9736A6F18}
		{DA825B01-DDE5-425E-BAFF-A95629FB0929} = {BCFF2035-A03A-3CE1-7EAD-1AF9736A6F18}
		{B295F2A4-1113-49C4-8B1C-37D3E74899D2} = {BCFF2035-A03A-3CE1-7EAD-1AF9736A6F18}
		{D05F610E-E1DE-4914-8959-458C10F3DE57} = {BCFF2035-A03A-3CE1-7EAD-1AF9736A6F18}
		{2391B1D7-A6C4-43D2-A1BD-D1F5CD5BEAC6} = {BCFF2035-A03A-3CE1-7EAD-1AF9736A6F18}
		{2072E578-6552-43EE-A130-FA0128C7974A} = {BCFF2035-A03A-3CE1-7EAD-1AF9736A6F18}
		{153E99D0-4FD1-4AFD-A0F5-75CEDE676E77} = {BCFF2035-A03A-3CE1-7EAD-1AF9736A6F18}
		{508ABC21-4D4D-4A9B-887C-C2D3C53FC7FC} = {BCFF2035-A03A-3CE1-7EAD-1AF9736A6F18}
	EndGlobalSection
EndGlobal
